// !$*UTF8*$!
{
	archiveVersion = 1;
	classes = {
	};
	objectVersion = 55;
	objects = {

/* Begin PBXBuildFile section */
		A73FD56627C6F1C300626E59 /* LandmarksApp.swift in Sources */ = {isa = PBXBuildFile; fileRef = A73FD56527C6F1C300626E59 /* LandmarksApp.swift */; };
		A73FD56827C6F1C300626E59 /* ContentView.swift in Sources */ = {isa = PBXBuildFile; fileRef = A73FD56727C6F1C300626E59 /* ContentView.swift */; };
		A73FD56A27C6F1C500626E59 /* Assets.xcassets in Resources */ = {isa = PBXBuildFile; fileRef = A73FD56927C6F1C500626E59 /* Assets.xcassets */; };
		A73FD56D27C6F1C500626E59 /* Preview Assets.xcassets in Resources */ = {isa = PBXBuildFile; fileRef = A73FD56C27C6F1C500626E59 /* Preview Assets.xcassets */; };
		A73FD57727C6F1C500626E59 /* LandmarksTests.swift in Sources */ = {isa = PBXBuildFile; fileRef = A73FD57627C6F1C500626E59 /* LandmarksTests.swift */; };
		A73FD58127C6F1C500626E59 /* LandmarksUITests.swift in Sources */ = {isa = PBXBuildFile; fileRef = A73FD58027C6F1C500626E59 /* LandmarksUITests.swift */; };
		A73FD58327C6F1C500626E59 /* LandmarksUITestsLaunchTests.swift in Sources */ = {isa = PBXBuildFile; fileRef = A73FD58227C6F1C500626E59 /* LandmarksUITestsLaunchTests.swift */; };
		A73FD59027C6F57C00626E59 /* CircleImage.swift in Sources */ = {isa = PBXBuildFile; fileRef = A73FD58F27C6F57C00626E59 /* CircleImage.swift */; };
		A73FD59227C6F75B00626E59 /* MapView.swift in Sources */ = {isa = PBXBuildFile; fileRef = A73FD59127C6F75B00626E59 /* MapView.swift */; };
		A73FD59427C6FDFE00626E59 /* landmarkData.json in Resources */ = {isa = PBXBuildFile; fileRef = A73FD59327C6FDFE00626E59 /* landmarkData.json */; };
		A73FD59627C6FE1C00626E59 /* Landmark.swift in Sources */ = {isa = PBXBuildFile; fileRef = A73FD59527C6FE1C00626E59 /* Landmark.swift */; };
		A73FD59827C6FFC500626E59 /* ModelData.swift in Sources */ = {isa = PBXBuildFile; fileRef = A73FD59727C6FFC500626E59 /* ModelData.swift */; };
		A73FD59D27C717C100626E59 /* LandmarkRow.swift in Sources */ = {isa = PBXBuildFile; fileRef = A73FD59C27C717C100626E59 /* LandmarkRow.swift */; };
		A73FD59F27C71BFC00626E59 /* LandmarkList.swift in Sources */ = {isa = PBXBuildFile; fileRef = A73FD59E27C71BFC00626E59 /* LandmarkList.swift */; };
		A73FD5A127C808C900626E59 /* LandmarkDetail.swift in Sources */ = {isa = PBXBuildFile; fileRef = A73FD5A027C808C900626E59 /* LandmarkDetail.swift */; };
/* End PBXBuildFile section */

/* Begin PBXContainerItemProxy section */
		A73FD57327C6F1C500626E59 /* PBXContainerItemProxy */ = {
			isa = PBXContainerItemProxy;
			containerPortal = A73FD55A27C6F1C300626E59 /* Project object */;
			proxyType = 1;
			remoteGlobalIDString = A73FD56127C6F1C300626E59;
			remoteInfo = Landmarks;
		};
		A73FD57D27C6F1C500626E59 /* PBXContainerItemProxy */ = {
			isa = PBXContainerItemProxy;
			containerPortal = A73FD55A27C6F1C300626E59 /* Project object */;
			proxyType = 1;
			remoteGlobalIDString = A73FD56127C6F1C300626E59;
			remoteInfo = Landmarks;
		};
/* End PBXContainerItemProxy section */

/* Begin PBXFileReference section */
		A73FD56227C6F1C300626E59 /* Landmarks.app */ = {isa = PBXFileReference; explicitFileType = wrapper.application; includeInIndex = 0; path = Landmarks.app; sourceTree = BUILT_PRODUCTS_DIR; };
		A73FD56527C6F1C300626E59 /* LandmarksApp.swift */ = {isa = PBXFileReference; lastKnownFileType = sourcecode.swift; path = LandmarksApp.swift; sourceTree = "<group>"; };
		A73FD56727C6F1C300626E59 /* ContentView.swift */ = {isa = PBXFileReference; lastKnownFileType = sourcecode.swift; path = ContentView.swift; sourceTree = "<group>"; };
		A73FD56927C6F1C500626E59 /* Assets.xcassets */ = {isa = PBXFileReference; lastKnownFileType = folder.assetcatalog; path = Assets.xcassets; sourceTree = "<group>"; };
		A73FD56C27C6F1C500626E59 /* Preview Assets.xcassets */ = {isa = PBXFileReference; lastKnownFileType = folder.assetcatalog; path = "Preview Assets.xcassets"; sourceTree = "<group>"; };
		A73FD57227C6F1C500626E59 /* LandmarksTests.xctest */ = {isa = PBXFileReference; explicitFileType = wrapper.cfbundle; includeInIndex = 0; path = LandmarksTests.xctest; sourceTree = BUILT_PRODUCTS_DIR; };
		A73FD57627C6F1C500626E59 /* LandmarksTests.swift */ = {isa = PBXFileReference; lastKnownFileType = sourcecode.swift; path = LandmarksTests.swift; sourceTree = "<group>"; };
		A73FD57C27C6F1C500626E59 /* LandmarksUITests.xctest */ = {isa = PBXFileReference; explicitFileType = wrapper.cfbundle; includeInIndex = 0; path = LandmarksUITests.xctest; sourceTree = BUILT_PRODUCTS_DIR; };
		A73FD58027C6F1C500626E59 /* LandmarksUITests.swift */ = {isa = PBXFileReference; lastKnownFileType = sourcecode.swift; path = LandmarksUITests.swift; sourceTree = "<group>"; };
		A73FD58227C6F1C500626E59 /* LandmarksUITestsLaunchTests.swift */ = {isa = PBXFileReference; lastKnownFileType = sourcecode.swift; path = LandmarksUITestsLaunchTests.swift; sourceTree = "<group>"; };
		A73FD58F27C6F57C00626E59 /* CircleImage.swift */ = {isa = PBXFileReference; lastKnownFileType = sourcecode.swift; path = CircleImage.swift; sourceTree = "<group>"; };
		A73FD59127C6F75B00626E59 /* MapView.swift */ = {isa = PBXFileReference; lastKnownFileType = sourcecode.swift; path = MapView.swift; sourceTree = "<group>"; };
		A73FD59327C6FDFE00626E59 /* landmarkData.json */ = {isa = PBXFileReference; fileEncoding = 4; lastKnownFileType = text.json; path = landmarkData.json; sourceTree = "<group>"; };
		A73FD59527C6FE1C00626E59 /* Landmark.swift */ = {isa = PBXFileReference; lastKnownFileType = sourcecode.swift; path = Landmark.swift; sourceTree = "<group>"; };
		A73FD59727C6FFC500626E59 /* ModelData.swift */ = {isa = PBXFileReference; lastKnownFileType = sourcecode.swift; path = ModelData.swift; sourceTree = "<group>"; };
		A73FD59C27C717C100626E59 /* LandmarkRow.swift */ = {isa = PBXFileReference; lastKnownFileType = sourcecode.swift; path = LandmarkRow.swift; sourceTree = "<group>"; };
		A73FD59E27C71BFC00626E59 /* LandmarkList.swift */ = {isa = PBXFileReference; lastKnownFileType = sourcecode.swift; path = LandmarkList.swift; sourceTree = "<group>"; };
		A73FD5A027C808C900626E59 /* LandmarkDetail.swift */ = {isa = PBXFileReference; lastKnownFileType = sourcecode.swift; path = LandmarkDetail.swift; sourceTree = "<group>"; };
/* End PBXFileReference section */

/* Begin PBXFrameworksBuildPhase section */
		A73FD55F27C6F1C300626E59 /* Frameworks */ = {
			isa = PBXFrameworksBuildPhase;
			buildActionMask = 2147483647;
			files = (
			);
			runOnlyForDeploymentPostprocessing = 0;
		};
		A73FD56F27C6F1C500626E59 /* Frameworks */ = {
			isa = PBXFrameworksBuildPhase;
			buildActionMask = 2147483647;
			files = (
			);
			runOnlyForDeploymentPostprocessing = 0;
		};
		A73FD57927C6F1C500626E59 /* Frameworks */ = {
			isa = PBXFrameworksBuildPhase;
			buildActionMask = 2147483647;
			files = (
			);
			runOnlyForDeploymentPostprocessing = 0;
		};
/* End PBXFrameworksBuildPhase section */

/* Begin PBXGroup section */
		A73FD55927C6F1C300626E59 = {
			isa = PBXGroup;
			children = (
				A73FD59C27C717C100626E59 /* LandmarkRow.swift */,
				A73FD56427C6F1C300626E59 /* Landmarks */,
				A73FD57527C6F1C500626E59 /* LandmarksTests */,
				A73FD57F27C6F1C500626E59 /* LandmarksUITests */,
				A73FD56327C6F1C300626E59 /* Products */,
			);
			sourceTree = "<group>";
		};
		A73FD56327C6F1C300626E59 /* Products */ = {
			isa = PBXGroup;
			children = (
				A73FD56227C6F1C300626E59 /* Landmarks.app */,
				A73FD57227C6F1C500626E59 /* LandmarksTests.xctest */,
				A73FD57C27C6F1C500626E59 /* LandmarksUITests.xctest */,
			);
			name = Products;
			sourceTree = "<group>";
		};
		A73FD56427C6F1C300626E59 /* Landmarks */ = {
			isa = PBXGroup;
			children = (
				A73FD59B27C7020000626E59 /* Resources */,
				A73FD59A27C701E400626E59 /* Model */,
				A73FD59927C701B400626E59 /* Views */,
				A73FD56527C6F1C300626E59 /* LandmarksApp.swift */,
				A73FD56927C6F1C500626E59 /* Assets.xcassets */,
				A73FD56B27C6F1C500626E59 /* Preview Content */,
			);
			path = Landmarks;
			sourceTree = "<group>";
		};
		A73FD56B27C6F1C500626E59 /* Preview Content */ = {
			isa = PBXGroup;
			children = (
				A73FD56C27C6F1C500626E59 /* Preview Assets.xcassets */,
			);
			path = "Preview Content";
			sourceTree = "<group>";
		};
		A73FD57527C6F1C500626E59 /* LandmarksTests */ = {
			isa = PBXGroup;
			children = (
				A73FD57627C6F1C500626E59 /* LandmarksTests.swift */,
			);
			path = LandmarksTests;
			sourceTree = "<group>";
		};
		A73FD57F27C6F1C500626E59 /* LandmarksUITests */ = {
			isa = PBXGroup;
			children = (
				A73FD58027C6F1C500626E59 /* LandmarksUITests.swift */,
				A73FD58227C6F1C500626E59 /* LandmarksUITestsLaunchTests.swift */,
			);
			path = LandmarksUITests;
			sourceTree = "<group>";
		};
		A73FD59927C701B400626E59 /* Views */ = {
			isa = PBXGroup;
			children = (
				A73FD58F27C6F57C00626E59 /* CircleImage.swift */,
				A73FD59127C6F75B00626E59 /* MapView.swift */,
				A73FD56727C6F1C300626E59 /* ContentView.swift */,
				A73FD59E27C71BFC00626E59 /* LandmarkList.swift */,
				A73FD5A027C808C900626E59 /* LandmarkDetail.swift */,
			);
			path = Views;
			sourceTree = "<group>";
		};
		A73FD59A27C701E400626E59 /* Model */ = {
			isa = PBXGroup;
			children = (
				A73FD59527C6FE1C00626E59 /* Landmark.swift */,
				A73FD59727C6FFC500626E59 /* ModelData.swift */,
			);
			path = Model;
			sourceTree = "<group>";
		};
		A73FD59B27C7020000626E59 /* Resources */ = {
			isa = PBXGroup;
			children = (
				A73FD59327C6FDFE00626E59 /* landmarkData.json */,
			);
			path = Resources;
			sourceTree = "<group>";
		};
/* End PBXGroup section */

/* Begin PBXNativeTarget section */
		A73FD56127C6F1C300626E59 /* Landmarks */ = {
			isa = PBXNativeTarget;
			buildConfigurationList = A73FD58627C6F1C500626E59 /* Build configuration list for PBXNativeTarget "Landmarks" */;
			buildPhases = (
				A73FD55E27C6F1C300626E59 /* Sources */,
				A73FD55F27C6F1C300626E59 /* Frameworks */,
				A73FD56027C6F1C300626E59 /* Resources */,
			);
			buildRules = (
			);
			dependencies = (
			);
			name = Landmarks;
			productName = Landmarks;
			productReference = A73FD56227C6F1C300626E59 /* Landmarks.app */;
			productType = "com.apple.product-type.application";
		};
		A73FD57127C6F1C500626E59 /* LandmarksTests */ = {
			isa = PBXNativeTarget;
			buildConfigurationList = A73FD58927C6F1C500626E59 /* Build configuration list for PBXNativeTarget "LandmarksTests" */;
			buildPhases = (
				A73FD56E27C6F1C500626E59 /* Sources */,
				A73FD56F27C6F1C500626E59 /* Frameworks */,
				A73FD57027C6F1C500626E59 /* Resources */,
			);
			buildRules = (
			);
			dependencies = (
				A73FD57427C6F1C500626E59 /* PBXTargetDependency */,
			);
			name = LandmarksTests;
			productName = LandmarksTests;
			productReference = A73FD57227C6F1C500626E59 /* LandmarksTests.xctest */;
			productType = "com.apple.product-type.bundle.unit-test";
		};
		A73FD57B27C6F1C500626E59 /* LandmarksUITests */ = {
			isa = PBXNativeTarget;
			buildConfigurationList = A73FD58C27C6F1C500626E59 /* Build configuration list for PBXNativeTarget "LandmarksUITests" */;
			buildPhases = (
				A73FD57827C6F1C500626E59 /* Sources */,
				A73FD57927C6F1C500626E59 /* Frameworks */,
				A73FD57A27C6F1C500626E59 /* Resources */,
			);
			buildRules = (
			);
			dependencies = (
				A73FD57E27C6F1C500626E59 /* PBXTargetDependency */,
			);
			name = LandmarksUITests;
			productName = LandmarksUITests;
			productReference = A73FD57C27C6F1C500626E59 /* LandmarksUITests.xctest */;
			productType = "com.apple.product-type.bundle.ui-testing";
		};
/* End PBXNativeTarget section */

/* Begin PBXProject section */
		A73FD55A27C6F1C300626E59 /* Project object */ = {
			isa = PBXProject;
			attributes = {
				BuildIndependentTargetsInParallel = 1;
				LastSwiftUpdateCheck = 1320;
				LastUpgradeCheck = 1320;
				TargetAttributes = {
					A73FD56127C6F1C300626E59 = {
						CreatedOnToolsVersion = 13.2.1;
					};
					A73FD57127C6F1C500626E59 = {
						CreatedOnToolsVersion = 13.2.1;
						TestTargetID = A73FD56127C6F1C300626E59;
					};
					A73FD57B27C6F1C500626E59 = {
						CreatedOnToolsVersion = 13.2.1;
						TestTargetID = A73FD56127C6F1C300626E59;
					};
				};
			};
			buildConfigurationList = A73FD55D27C6F1C300626E59 /* Build configuration list for PBXProject "Landmarks" */;
			compatibilityVersion = "Xcode 13.0";
			developmentRegion = en;
			hasScannedForEncodings = 0;
			knownRegions = (
				en,
				Base,
			);
			mainGroup = A73FD55927C6F1C300626E59;
			productRefGroup = A73FD56327C6F1C300626E59 /* Products */;
			projectDirPath = "";
			projectRoot = "";
			targets = (
				A73FD56127C6F1C300626E59 /* Landmarks */,
				A73FD57127C6F1C500626E59 /* LandmarksTests */,
				A73FD57B27C6F1C500626E59 /* LandmarksUITests */,
			);
		};
/* End PBXProject section */

/* Begin PBXResourcesBuildPhase section */
		A73FD56027C6F1C300626E59 /* Resources */ = {
			isa = PBXResourcesBuildPhase;
			buildActionMask = 2147483647;
			files = (
				A73FD56D27C6F1C500626E59 /* Preview Assets.xcassets in Resources */,
				A73FD56A27C6F1C500626E59 /* Assets.xcassets in Resources */,
				A73FD59427C6FDFE00626E59 /* landmarkData.json in Resources */,
			);
			runOnlyForDeploymentPostprocessing = 0;
		};
		A73FD57027C6F1C500626E59 /* Resources */ = {
			isa = PBXResourcesBuildPhase;
			buildActionMask = 2147483647;
			files = (
			);
			runOnlyForDeploymentPostprocessing = 0;
		};
		A73FD57A27C6F1C500626E59 /* Resources */ = {
			isa = PBXResourcesBuildPhase;
			buildActionMask = 2147483647;
			files = (
			);
			runOnlyForDeploymentPostprocessing = 0;
		};
/* End PBXResourcesBuildPhase section */

/* Begin PBXSourcesBuildPhase section */
		A73FD55E27C6F1C300626E59 /* Sources */ = {
			isa = PBXSourcesBuildPhase;
			buildActionMask = 2147483647;
			files = (
				A73FD56827C6F1C300626E59 /* ContentView.swift in Sources */,
				A73FD59227C6F75B00626E59 /* MapView.swift in Sources */,
				A73FD56627C6F1C300626E59 /* LandmarksApp.swift in Sources */,
				A73FD59F27C71BFC00626E59 /* LandmarkList.swift in Sources */,
				A73FD5A127C808C900626E59 /* LandmarkDetail.swift in Sources */,
				A73FD59027C6F57C00626E59 /* CircleImage.swift in Sources */,
				A73FD59627C6FE1C00626E59 /* Landmark.swift in Sources */,
				A73FD59D27C717C100626E59 /* LandmarkRow.swift in Sources */,
				A73FD59827C6FFC500626E59 /* ModelData.swift in Sources */,
			);
			runOnlyForDeploymentPostprocessing = 0;
		};
		A73FD56E27C6F1C500626E59 /* Sources */ = {
			isa = PBXSourcesBuildPhase;
			buildActionMask = 2147483647;
			files = (
				A73FD57727C6F1C500626E59 /* LandmarksTests.swift in Sources */,
			);
			runOnlyForDeploymentPostprocessing = 0;
		};
		A73FD57827C6F1C500626E59 /* Sources */ = {
			isa = PBXSourcesBuildPhase;
			buildActionMask = 2147483647;
			files = (
				A73FD58327C6F1C500626E59 /* LandmarksUITestsLaunchTests.swift in Sources */,
				A73FD58127C6F1C500626E59 /* LandmarksUITests.swift in Sources */,
			);
			runOnlyForDeploymentPostprocessing = 0;
		};
/* End PBXSourcesBuildPhase section */

/* Begin PBXTargetDependency section */
		A73FD57427C6F1C500626E59 /* PBXTargetDependency */ = {
			isa = PBXTargetDependency;
			target = A73FD56127C6F1C300626E59 /* Landmarks */;
			targetProxy = A73FD57327C6F1C500626E59 /* PBXContainerItemProxy */;
		};
		A73FD57E27C6F1C500626E59 /* PBXTargetDependency */ = {
			isa = PBXTargetDependency;
			target = A73FD56127C6F1C300626E59 /* Landmarks */;
			targetProxy = A73FD57D27C6F1C500626E59 /* PBXContainerItemProxy */;
		};
/* End PBXTargetDependency section */

/* Begin XCBuildConfiguration section */
		A73FD58427C6F1C500626E59 /* Debug */ = {
			isa = XCBuildConfiguration;
			buildSettings = {
				ALWAYS_SEARCH_USER_PATHS = NO;
				CLANG_ANALYZER_NONNULL = YES;
				CLANG_ANALYZER_NUMBER_OBJECT_CONVERSION = YES_AGGRESSIVE;
				CLANG_CXX_LANGUAGE_STANDARD = "gnu++17";
				CLANG_CXX_LIBRARY = "libc++";
				CLANG_ENABLE_MODULES = YES;
				CLANG_ENABLE_OBJC_ARC = YES;
				CLANG_ENABLE_OBJC_WEAK = YES;
				CLANG_WARN_BLOCK_CAPTURE_AUTORELEASING = YES;
				CLANG_WARN_BOOL_CONVERSION = YES;
				CLANG_WARN_COMMA = YES;
				CLANG_WARN_CONSTANT_CONVERSION = YES;
				CLANG_WARN_DEPRECATED_OBJC_IMPLEMENTATIONS = YES;
				CLANG_WARN_DIRECT_OBJC_ISA_USAGE = YES_ERROR;
				CLANG_WARN_DOCUMENTATION_COMMENTS = YES;
				CLANG_WARN_EMPTY_BODY = YES;
				CLANG_WARN_ENUM_CONVERSION = YES;
				CLANG_WARN_INFINITE_RECURSION = YES;
				CLANG_WARN_INT_CONVERSION = YES;
				CLANG_WARN_NON_LITERAL_NULL_CONVERSION = YES;
				CLANG_WARN_OBJC_IMPLICIT_RETAIN_SELF = YES;
				CLANG_WARN_OBJC_LITERAL_CONVERSION = YES;
				CLANG_WARN_OBJC_ROOT_CLASS = YES_ERROR;
				CLANG_WARN_QUOTED_INCLUDE_IN_FRAMEWORK_HEADER = YES;
				CLANG_WARN_RANGE_LOOP_ANALYSIS = YES;
				CLANG_WARN_STRICT_PROTOTYPES = YES;
				CLANG_WARN_SUSPICIOUS_MOVE = YES;
				CLANG_WARN_UNGUARDED_AVAILABILITY = YES_AGGRESSIVE;
				CLANG_WARN_UNREACHABLE_CODE = YES;
				CLANG_WARN__DUPLICATE_METHOD_MATCH = YES;
				COPY_PHASE_STRIP = NO;
				DEBUG_INFORMATION_FORMAT = dwarf;
				ENABLE_STRICT_OBJC_MSGSEND = YES;
				ENABLE_TESTABILITY = YES;
				GCC_C_LANGUAGE_STANDARD = gnu11;
				GCC_DYNAMIC_NO_PIC = NO;
				GCC_NO_COMMON_BLOCKS = YES;
				GCC_OPTIMIZATION_LEVEL = 0;
				GCC_PREPROCESSOR_DEFINITIONS = (
					"DEBUG=1",
					"$(inherited)",
				);
				GCC_WARN_64_TO_32_BIT_CONVERSION = YES;
				GCC_WARN_ABOUT_RETURN_TYPE = YES_ERROR;
				GCC_WARN_UNDECLARED_SELECTOR = YES;
				GCC_WARN_UNINITIALIZED_AUTOS = YES_AGGRESSIVE;
				GCC_WARN_UNUSED_FUNCTION = YES;
				GCC_WARN_UNUSED_VARIABLE = YES;
				IPHONEOS_DEPLOYMENT_TARGET = 15.2;
				MTL_ENABLE_DEBUG_INFO = INCLUDE_SOURCE;
				MTL_FAST_MATH = YES;
				ONLY_ACTIVE_ARCH = YES;
				SDKROOT = iphoneos;
				SWIFT_ACTIVE_COMPILATION_CONDITIONS = DEBUG;
				SWIFT_OPTIMIZATION_LEVEL = "-Onone";
			};
			name = Debug;
		};
		A73FD58527C6F1C500626E59 /* Release */ = {
			isa = XCBuildConfiguration;
			buildSettings = {
				ALWAYS_SEARCH_USER_PATHS = NO;
				CLANG_ANALYZER_NONNULL = YES;
				CLANG_ANALYZER_NUMBER_OBJECT_CONVERSION = YES_AGGRESSIVE;
				CLANG_CXX_LANGUAGE_STANDARD = "gnu++17";
				CLANG_CXX_LIBRARY = "libc++";
				CLANG_ENABLE_MODULES = YES;
				CLANG_ENABLE_OBJC_ARC = YES;
				CLANG_ENABLE_OBJC_WEAK = YES;
				CLANG_WARN_BLOCK_CAPTURE_AUTORELEASING = YES;
				CLANG_WARN_BOOL_CONVERSION = YES;
				CLANG_WARN_COMMA = YES;
				CLANG_WARN_CONSTANT_CONVERSION = YES;
				CLANG_WARN_DEPRECATED_OBJC_IMPLEMENTATIONS = YES;
				CLANG_WARN_DIRECT_OBJC_ISA_USAGE = YES_ERROR;
				CLANG_WARN_DOCUMENTATION_COMMENTS = YES;
				CLANG_WARN_EMPTY_BODY = YES;
				CLANG_WARN_ENUM_CONVERSION = YES;
				CLANG_WARN_INFINITE_RECURSION = YES;
				CLANG_WARN_INT_CONVERSION = YES;
				CLANG_WARN_NON_LITERAL_NULL_CONVERSION = YES;
				CLANG_WARN_OBJC_IMPLICIT_RETAIN_SELF = YES;
				CLANG_WARN_OBJC_LITERAL_CONVERSION = YES;
				CLANG_WARN_OBJC_ROOT_CLASS = YES_ERROR;
				CLANG_WARN_QUOTED_INCLUDE_IN_FRAMEWORK_HEADER = YES;
				CLANG_WARN_RANGE_LOOP_ANALYSIS = YES;
				CLANG_WARN_STRICT_PROTOTYPES = YES;
				CLANG_WARN_SUSPICIOUS_MOVE = YES;
				CLANG_WARN_UNGUARDED_AVAILABILITY = YES_AGGRESSIVE;
				CLANG_WARN_UNREACHABLE_CODE = YES;
				CLANG_WARN__DUPLICATE_METHOD_MATCH = YES;
				COPY_PHASE_STRIP = NO;
				DEBUG_INFORMATION_FORMAT = "dwarf-with-dsym";
				ENABLE_NS_ASSERTIONS = NO;
				ENABLE_STRICT_OBJC_MSGSEND = YES;
				GCC_C_LANGUAGE_STANDARD = gnu11;
				GCC_NO_COMMON_BLOCKS = YES;
				GCC_WARN_64_TO_32_BIT_CONVERSION = YES;
				GCC_WARN_ABOUT_RETURN_TYPE = YES_ERROR;
				GCC_WARN_UNDECLARED_SELECTOR = YES;
				GCC_WARN_UNINITIALIZED_AUTOS = YES_AGGRESSIVE;
				GCC_WARN_UNUSED_FUNCTION = YES;
				GCC_WARN_UNUSED_VARIABLE = YES;
				IPHONEOS_DEPLOYMENT_TARGET = 15.2;
				MTL_ENABLE_DEBUG_INFO = NO;
				MTL_FAST_MATH = YES;
				SDKROOT = iphoneos;
				SWIFT_COMPILATION_MODE = wholemodule;
				SWIFT_OPTIMIZATION_LEVEL = "-O";
				VALIDATE_PRODUCT = YES;
			};
			name = Release;
		};
		A73FD58727C6F1C500626E59 /* Debug */ = {
			isa = XCBuildConfiguration;
			buildSettings = {
				ASSETCATALOG_COMPILER_APPICON_NAME = AppIcon;
				ASSETCATALOG_COMPILER_GLOBAL_ACCENT_COLOR_NAME = AccentColor;
				CODE_SIGN_STYLE = Automatic;
				CURRENT_PROJECT_VERSION = 1;
				DEVELOPMENT_ASSET_PATHS = "\"Landmarks/Preview Content\"";
				ENABLE_PREVIEWS = YES;
				GENERATE_INFOPLIST_FILE = YES;
				INFOPLIST_KEY_UIApplicationSceneManifest_Generation = YES;
				INFOPLIST_KEY_UIApplicationSupportsIndirectInputEvents = YES;
				INFOPLIST_KEY_UILaunchScreen_Generation = YES;
				INFOPLIST_KEY_UISupportedInterfaceOrientations_iPad = "UIInterfaceOrientationPortrait UIInterfaceOrientationPortraitUpsideDown UIInterfaceOrientationLandscapeLeft UIInterfaceOrientationLandscapeRight";
				INFOPLIST_KEY_UISupportedInterfaceOrientations_iPhone = "UIInterfaceOrientationPortrait UIInterfaceOrientationLandscapeLeft UIInterfaceOrientationLandscapeRight";
				LD_RUNPATH_SEARCH_PATHS = (
					"$(inherited)",
					"@executable_path/Frameworks",
				);
				MARKETING_VERSION = 1.0;
				PRODUCT_BUNDLE_IDENTIFIER = com.ana.Landmarks;
				PRODUCT_NAME = "$(TARGET_NAME)";
				SWIFT_EMIT_LOC_STRINGS = YES;
				SWIFT_VERSION = 5.0;
				TARGETED_DEVICE_FAMILY = "1,2";
			};
			name = Debug;
		};
		A73FD58827C6F1C500626E59 /* Release */ = {
			isa = XCBuildConfiguration;
			buildSettings = {
				ASSETCATALOG_COMPILER_APPICON_NAME = AppIcon;
				ASSETCATALOG_COMPILER_GLOBAL_ACCENT_COLOR_NAME = AccentColor;
				CODE_SIGN_STYLE = Automatic;
				CURRENT_PROJECT_VERSION = 1;
				DEVELOPMENT_ASSET_PATHS = "\"Landmarks/Preview Content\"";
				ENABLE_PREVIEWS = YES;
				GENERATE_INFOPLIST_FILE = YES;
				INFOPLIST_KEY_UIApplicationSceneManifest_Generation = YES;
				INFOPLIST_KEY_UIApplicationSupportsIndirectInputEvents = YES;
				INFOPLIST_KEY_UILaunchScreen_Generation = YES;
				INFOPLIST_KEY_UISupportedInterfaceOrientations_iPad = "UIInterfaceOrientationPortrait UIInterfaceOrientationPortraitUpsideDown UIInterfaceOrientationLandscapeLeft UIInterfaceOrientationLandscapeRight";
				INFOPLIST_KEY_UISupportedInterfaceOrientations_iPhone = "UIInterfaceOrientationPortrait UIInterfaceOrientationLandscapeLeft UIInterfaceOrientationLandscapeRight";
				LD_RUNPATH_SEARCH_PATHS = (
					"$(inherited)",
					"@executable_path/Frameworks",
				);
				MARKETING_VERSION = 1.0;
				PRODUCT_BUNDLE_IDENTIFIER = com.ana.Landmarks;
				PRODUCT_NAME = "$(TARGET_NAME)";
				SWIFT_EMIT_LOC_STRINGS = YES;
				SWIFT_VERSION = 5.0;
				TARGETED_DEVICE_FAMILY = "1,2";
			};
			name = Release;
		};
		A73FD58A27C6F1C500626E59 /* Debug */ = {
			isa = XCBuildConfiguration;
			buildSettings = {
				ALWAYS_EMBED_SWIFT_STANDARD_LIBRARIES = YES;
				BUNDLE_LOADER = "$(TEST_HOST)";
				CODE_SIGN_STYLE = Automatic;
				CURRENT_PROJECT_VERSION = 1;
				GENERATE_INFOPLIST_FILE = YES;
				IPHONEOS_DEPLOYMENT_TARGET = 15.2;
				MARKETING_VERSION = 1.0;
				PRODUCT_BUNDLE_IDENTIFIER = com.ana.LandmarksTests;
				PRODUCT_NAME = "$(TARGET_NAME)";
				SWIFT_EMIT_LOC_STRINGS = NO;
				SWIFT_VERSION = 5.0;
				TARGETED_DEVICE_FAMILY = "1,2";
				TEST_HOST = "$(BUILT_PRODUCTS_DIR)/Landmarks.app/Landmarks";
			};
			name = Debug;
		};
		A73FD58B27C6F1C500626E59 /* Release */ = {
			isa = XCBuildConfiguration;
			buildSettings = {
				ALWAYS_EMBED_SWIFT_STANDARD_LIBRARIES = YES;
				BUNDLE_LOADER = "$(TEST_HOST)";
				CODE_SIGN_STYLE = Automatic;
				CURRENT_PROJECT_VERSION = 1;
				GENERATE_INFOPLIST_FILE = YES;
				IPHONEOS_DEPLOYMENT_TARGET = 15.2;
				MARKETING_VERSION = 1.0;
				PRODUCT_BUNDLE_IDENTIFIER = com.ana.LandmarksTests;
				PRODUCT_NAME = "$(TARGET_NAME)";
				SWIFT_EMIT_LOC_STRINGS = NO;
				SWIFT_VERSION = 5.0;
				TARGETED_DEVICE_FAMILY = "1,2";
				TEST_HOST = "$(BUILT_PRODUCTS_DIR)/Landmarks.app/Landmarks";
			};
			name = Release;
		};
		A73FD58D27C6F1C500626E59 /* Debug */ = {
			isa = XCBuildConfiguration;
			buildSettings = {
				ALWAYS_EMBED_SWIFT_STANDARD_LIBRARIES = YES;
				CODE_SIGN_STYLE = Automatic;
				CURRENT_PROJECT_VERSION = 1;
				GENERATE_INFOPLIST_FILE = YES;
				MARKETING_VERSION = 1.0;
				PRODUCT_BUNDLE_IDENTIFIER = com.ana.LandmarksUITests;
				PRODUCT_NAME = "$(TARGET_NAME)";
				SWIFT_EMIT_LOC_STRINGS = NO;
				SWIFT_VERSION = 5.0;
				TARGETED_DEVICE_FAMILY = "1,2";
				TEST_TARGET_NAME = Landmarks;
			};
			name = Debug;
		};
		A73FD58E27C6F1C500626E59 /* Release */ = {
			isa = XCBuildConfiguration;
			buildSettings = {
				ALWAYS_EMBED_SWIFT_STANDARD_LIBRARIES = YES;
				CODE_SIGN_STYLE = Automatic;
				CURRENT_PROJECT_VERSION = 1;
				GENERATE_INFOPLIST_FILE = YES;
				MARKETING_VERSION = 1.0;
				PRODUCT_BUNDLE_IDENTIFIER = com.ana.LandmarksUITests;
				PRODUCT_NAME = "$(TARGET_NAME)";
				SWIFT_EMIT_LOC_STRINGS = NO;
				SWIFT_VERSION = 5.0;
				TARGETED_DEVICE_FAMILY = "1,2";
				TEST_TARGET_NAME = Landmarks;
			};
			name = Release;
		};
/* End XCBuildConfiguration section */

/* Begin XCConfigurationList section */
		A73FD55D27C6F1C300626E59 /* Build configuration list for PBXProject "Landmarks" */ = {
			isa = XCConfigurationList;
			buildConfigurations = (
				A73FD58427C6F1C500626E59 /* Debug */,
				A73FD58527C6F1C500626E59 /* Release */,
			);
			defaultConfigurationIsVisible = 0;
			defaultConfigurationName = Release;
		};
		A73FD58627C6F1C500626E59 /* Build configuration list for PBXNativeTarget "Landmarks" */ = {
			isa = XCConfigurationList;
			buildConfigurations = (
				A73FD58727C6F1C500626E59 /* Debug */,
				A73FD58827C6F1C500626E59 /* Release */,
			);
			defaultConfigurationIsVisible = 0;
			defaultConfigurationName = Release;
		};
		A73FD58927C6F1C500626E59 /* Build configuration list for PBXNativeTarget "LandmarksTests" */ = {
			isa = XCConfigurationList;
			buildConfigurations = (
				A73FD58A27C6F1C500626E59 /* Debug */,
				A73FD58B27C6F1C500626E59 /* Release */,
			);
			defaultConfigurationIsVisible = 0;
			defaultConfigurationName = Release;
		};
		A73FD58C27C6F1C500626E59 /* Build configuration list for PBXNativeTarget "LandmarksUITests" */ = {
			isa = XCConfigurationList;
			buildConfigurations = (
				A73FD58D27C6F1C500626E59 /* Debug */,
				A73FD58E27C6F1C500626E59 /* Release */,
			);
			defaultConfigurationIsVisible = 0;
			defaultConfigurationName = Release;
		};
/* End XCConfigurationList section */
	};
	rootObject = A73FD55A27C6F1C300626E59 /* Project object */;
}
