// !$*UTF8*$!
{
	archiveVersion = 1;
	classes = {
	};
	objectVersion = 55;
	objects = {

/* Begin PBXBuildFile section */
		A73FD56627C6F1C300626E59 /* LandmarksApp.swift in Sources */ = {isa = PBXBuildFile; fileRef = A73FD56527C6F1C300626E59 /* LandmarksApp.swift */; };
		A73FD56827C6F1C300626E59 /* ContentView.swift in Sources */ = {isa = PBXBuildFile; fileRef = A73FD56727C6F1C300626E59 /* ContentView.swift */; };
		A73FD56A27C6F1C500626E59 /* Assets.xcassets in Resources */ = {isa = PBXBuildFile; fileRef = A73FD56927C6F1C500626E59 /* Assets.xcassets */; };
		A73FD56D27C6F1C500626E59 /* Preview Assets.xcassets in Resources */ = {isa = PBXBuildFile; fileRef = A73FD56C27C6F1C500626E59 /* Preview Assets.xcassets */; };
		A73FD57727C6F1C500626E59 /* LandmarksTests.swift in Sources */ = {isa = PBXBuildFile; fileRef = A73FD57627C6F1C500626E59 /* LandmarksTests.swift */; };
		A73FD58127C6F1C500626E59 /* LandmarksUITests.swift in Sources */ = {isa = PBXBuildFile; fileRef = A73FD58027C6F1C500626E59 /* LandmarksUITests.swift */; };
		A73FD58327C6F1C500626E59 /* LandmarksUITestsLaunchTests.swift in Sources */ = {isa = PBXBuildFile; fileRef = A73FD58227C6F1C500626E59 /* LandmarksUITestsLaunchTests.swift */; };
		A73FD59027C6F57C00626E59 /* CircleImage.swift in Sources */ = {isa = PBXBuildFile; fileRef = A73FD58F27C6F57C00626E59 /* CircleImage.swift */; };
		A73FD59227C6F75B00626E59 /* MapView.swift in Sources */ = {isa = PBXBuildFile; fileRef = A73FD59127C6F75B00626E59 /* MapView.swift */; };
		A73FD59427C6FDFE00626E59 /* landmarkData.json in Resources */ = {isa = PBXBuildFile; fileRef = A73FD59327C6FDFE00626E59 /* landmarkData.json */; };
		A73FD59627C6FE1C00626E59 /* Landmark.swift in Sources */ = {isa = PBXBuildFile; fileRef = A73FD59527C6FE1C00626E59 /* Landmark.swift */; };
		A73FD59827C6FFC500626E59 /* ModelData.swift in Sources */ = {isa = PBXBuildFile; fileRef = A73FD59727C6FFC500626E59 /* ModelData.swift */; };
		A73FD59D27C717C100626E59 /* LandmarkRow.swift in Sources */ = {isa = PBXBuildFile; fileRef = A73FD59C27C717C100626E59 /* LandmarkRow.swift */; };
		A73FD59F27C71BFC00626E59 /* LandmarkList.swift in Sources */ = {isa = PBXBuildFile; fileRef = A73FD59E27C71BFC00626E59 /* LandmarkList.swift */; };
		A73FD5A127C808C900626E59 /* LandmarkDetail.swift in Sources */ = {isa = PBXBuildFile; fileRef = A73FD5A027C808C900626E59 /* LandmarkDetail.swift */; };
		A7C12E4127C8F2710039C4FA /* FavoriteButton.swift in Sources */ = {isa = PBXBuildFile; fileRef = A7C12E4027C8F2710039C4FA /* FavoriteButton.swift */; };
		A7C12E4527C98AEB0039C4FA /* HexagonParameters.swift in Sources */ = {isa = PBXBuildFile; fileRef = A7C12E4427C98AEB0039C4FA /* HexagonParameters.swift */; };
		A7C12E4727C98E3E0039C4FA /* BadgeBackground.swift in Sources */ = {isa = PBXBuildFile; fileRef = A7C12E4627C98E3E0039C4FA /* BadgeBackground.swift */; };
		A7C12E4927C99AB10039C4FA /* BadgeSymbol.swift in Sources */ = {isa = PBXBuildFile; fileRef = A7C12E4827C99AB10039C4FA /* BadgeSymbol.swift */; };
		A7C12E4B27C9C1C90039C4FA /* RotateBadgeSymbol.swift in Sources */ = {isa = PBXBuildFile; fileRef = A7C12E4A27C9C1C90039C4FA /* RotateBadgeSymbol.swift */; };
		A7C12E4D27C9C2880039C4FA /* Badge.swift in Sources */ = {isa = PBXBuildFile; fileRef = A7C12E4C27C9C2880039C4FA /* Badge.swift */; };
		A7C12E5027CA49D80039C4FA /* hikeData.json in Resources */ = {isa = PBXBuildFile; fileRef = A7C12E4F27CA49D80039C4FA /* hikeData.json */; };
		A7C12E5227CA4A1C0039C4FA /* Hike.swift in Sources */ = {isa = PBXBuildFile; fileRef = A7C12E5127CA4A1C0039C4FA /* Hike.swift */; };
		A7C12E5827CA4BD50039C4FA /* GraphCapsule.swift in Sources */ = {isa = PBXBuildFile; fileRef = A7C12E5427CA4BD50039C4FA /* GraphCapsule.swift */; };
		A7C12E5927CA4BD50039C4FA /* HikeGraph.swift in Sources */ = {isa = PBXBuildFile; fileRef = A7C12E5527CA4BD50039C4FA /* HikeGraph.swift */; };
		A7C12E5A27CA4BD50039C4FA /* HikeDetail.swift in Sources */ = {isa = PBXBuildFile; fileRef = A7C12E5627CA4BD50039C4FA /* HikeDetail.swift */; };
		A7C12E5B27CA4BD50039C4FA /* HikeView.swift in Sources */ = {isa = PBXBuildFile; fileRef = A7C12E5727CA4BD50039C4FA /* HikeView.swift */; };
		A7C12E5E27CA862E0039C4FA /* CategoryHome.swift in Sources */ = {isa = PBXBuildFile; fileRef = A7C12E5D27CA862E0039C4FA /* CategoryHome.swift */; };
		A7C12E6227CACEED0039C4FA /* CategoryRow.swift in Sources */ = {isa = PBXBuildFile; fileRef = A7C12E6127CACEED0039C4FA /* CategoryRow.swift */; };
		A7C12E6427CAD0F00039C4FA /* CategoryItem.swift in Sources */ = {isa = PBXBuildFile; fileRef = A7C12E6327CAD0F00039C4FA /* CategoryItem.swift */; };
		A7C12E6627CFEACD0039C4FA /* Profile.swift in Sources */ = {isa = PBXBuildFile; fileRef = A7C12E6527CFEACD0039C4FA /* Profile.swift */; };
		A7C12E6927CFEF1B0039C4FA /* ProfileHost.swift in Sources */ = {isa = PBXBuildFile; fileRef = A7C12E6827CFEF1B0039C4FA /* ProfileHost.swift */; };
		A7C12E6B27D006F40039C4FA /* ProfileSummary.swift in Sources */ = {isa = PBXBuildFile; fileRef = A7C12E6A27D006F40039C4FA /* ProfileSummary.swift */; };
		A7C12E6D27D009F60039C4FA /* HikeBadge.swift in Sources */ = {isa = PBXBuildFile; fileRef = A7C12E6C27D009F60039C4FA /* HikeBadge.swift */; };
		A7C12E6F27D143F80039C4FA /* ProfileEditor.swift in Sources */ = {isa = PBXBuildFile; fileRef = A7C12E6E27D143F80039C4FA /* ProfileEditor.swift */; };
		A7C12E7227D154150039C4FA /* PageViewController.swift in Sources */ = {isa = PBXBuildFile; fileRef = A7C12E7127D154150039C4FA /* PageViewController.swift */; };
		A7C12E7427D1571F0039C4FA /* FeatureCard.swift in Sources */ = {isa = PBXBuildFile; fileRef = A7C12E7327D1571F0039C4FA /* FeatureCard.swift */; };
		A7C12E7627D159B00039C4FA /* PageView.swift in Sources */ = {isa = PBXBuildFile; fileRef = A7C12E7527D159B00039C4FA /* PageView.swift */; };
		A7C12E7827D17A550039C4FA /* PageControl.swift in Sources */ = {isa = PBXBuildFile; fileRef = A7C12E7727D17A550039C4FA /* PageControl.swift */; };
		A7C12E7E27D194B10039C4FA /* Assets.xcassets in Resources */ = {isa = PBXBuildFile; fileRef = A7C12E7D27D194B10039C4FA /* Assets.xcassets */; };
		A7C12E8427D194B10039C4FA /* WatchLandmarks WatchKit Extension.appex in Embed App Extensions */ = {isa = PBXBuildFile; fileRef = A7C12E8327D194B10039C4FA /* WatchLandmarks WatchKit Extension.appex */; settings = {ATTRIBUTES = (RemoveHeadersOnCopy, ); }; };
		A7C12E8B27D194B10039C4FA /* ContentView.swift in Sources */ = {isa = PBXBuildFile; fileRef = A7C12E8A27D194B10039C4FA /* ContentView.swift */; };
		A7C12E8D27D194B10039C4FA /* NotificationController.swift in Sources */ = {isa = PBXBuildFile; fileRef = A7C12E8C27D194B10039C4FA /* NotificationController.swift */; };
		A7C12E8F27D194B10039C4FA /* NotificationView.swift in Sources */ = {isa = PBXBuildFile; fileRef = A7C12E8E27D194B10039C4FA /* NotificationView.swift */; };
		A7C12E9127D194B10039C4FA /* ComplicationController.swift in Sources */ = {isa = PBXBuildFile; fileRef = A7C12E9027D194B10039C4FA /* ComplicationController.swift */; };
		A7C12E9327D194B10039C4FA /* Assets.xcassets in Resources */ = {isa = PBXBuildFile; fileRef = A7C12E9227D194B10039C4FA /* Assets.xcassets */; };
		A7C12E9627D194B10039C4FA /* Preview Assets.xcassets in Resources */ = {isa = PBXBuildFile; fileRef = A7C12E9527D194B10039C4FA /* Preview Assets.xcassets */; };
		A7C12E9B27D194B10039C4FA /* WatchLandmarks.app in Embed Watch Content */ = {isa = PBXBuildFile; fileRef = A7C12E7B27D194AF0039C4FA /* WatchLandmarks.app */; settings = {ATTRIBUTES = (RemoveHeadersOnCopy, ); }; };
		A7C12EA427D196910039C4FA /* Landmark.swift in Sources */ = {isa = PBXBuildFile; fileRef = A73FD59527C6FE1C00626E59 /* Landmark.swift */; };
		A7C12EA527D196910039C4FA /* Hike.swift in Sources */ = {isa = PBXBuildFile; fileRef = A7C12E5127CA4A1C0039C4FA /* Hike.swift */; };
		A7C12EA627D196910039C4FA /* Assets.xcassets in Resources */ = {isa = PBXBuildFile; fileRef = A73FD56927C6F1C500626E59 /* Assets.xcassets */; };
		A7C12EA727D196910039C4FA /* ModelData.swift in Sources */ = {isa = PBXBuildFile; fileRef = A73FD59727C6FFC500626E59 /* ModelData.swift */; };
		A7C12EA827D196910039C4FA /* LandmarkRow.swift in Sources */ = {isa = PBXBuildFile; fileRef = A73FD59C27C717C100626E59 /* LandmarkRow.swift */; };
		A7C12EA927D196910039C4FA /* landmarkData.json in Resources */ = {isa = PBXBuildFile; fileRef = A73FD59327C6FDFE00626E59 /* landmarkData.json */; };
		A7C12EAA27D196910039C4FA /* Profile.swift in Sources */ = {isa = PBXBuildFile; fileRef = A7C12E6527CFEACD0039C4FA /* Profile.swift */; };
		A7C12EAB27D196910039C4FA /* hikeData.json in Resources */ = {isa = PBXBuildFile; fileRef = A7C12E4F27CA49D80039C4FA /* hikeData.json */; };
		A7C12EAC27D196910039C4FA /* MapView.swift in Sources */ = {isa = PBXBuildFile; fileRef = A73FD59127C6F75B00626E59 /* MapView.swift */; };
		A7C12EAE27D196910039C4FA /* CircleImage.swift in Sources */ = {isa = PBXBuildFile; fileRef = A73FD58F27C6F57C00626E59 /* CircleImage.swift */; };
		A7C12EAF27D196910039C4FA /* LandmarksApp.swift in Sources */ = {isa = PBXBuildFile; fileRef = A73FD56527C6F1C300626E59 /* LandmarksApp.swift */; };
		A7C12EB127D197A50039C4FA /* LandmarkDetail.swift in Sources */ = {isa = PBXBuildFile; fileRef = A7C12EB027D197A50039C4FA /* LandmarkDetail.swift */; };
		A7C12EBC27D56D620039C4FA /* ContentView.swift in Sources */ = {isa = PBXBuildFile; fileRef = A7C12EBB27D56D620039C4FA /* ContentView.swift */; };
		A7C12EBE27D56D650039C4FA /* Assets.xcassets in Resources */ = {isa = PBXBuildFile; fileRef = A7C12EBD27D56D650039C4FA /* Assets.xcassets */; };
		A7C12EC127D56D650039C4FA /* Preview Assets.xcassets in Resources */ = {isa = PBXBuildFile; fileRef = A7C12EC027D56D650039C4FA /* Preview Assets.xcassets */; };
		A7C12EC627D56E840039C4FA /* CircleImage.swift in Sources */ = {isa = PBXBuildFile; fileRef = A73FD58F27C6F57C00626E59 /* CircleImage.swift */; };
		A7C12EC727D56E840039C4FA /* LandmarkList.swift in Sources */ = {isa = PBXBuildFile; fileRef = A73FD59E27C71BFC00626E59 /* LandmarkList.swift */; };
		A7C12EC827D56E840039C4FA /* FavoriteButton.swift in Sources */ = {isa = PBXBuildFile; fileRef = A7C12E4027C8F2710039C4FA /* FavoriteButton.swift */; };
		A7C12EC927D56E840039C4FA /* landmarkData.json in Resources */ = {isa = PBXBuildFile; fileRef = A73FD59327C6FDFE00626E59 /* landmarkData.json */; };
		A7C12ECA27D56E840039C4FA /* MapView.swift in Sources */ = {isa = PBXBuildFile; fileRef = A73FD59127C6F75B00626E59 /* MapView.swift */; };
		A7C12ECB27D56E840039C4FA /* LandmarksApp.swift in Sources */ = {isa = PBXBuildFile; fileRef = A73FD56527C6F1C300626E59 /* LandmarksApp.swift */; };
		A7C12ECC27D56E840039C4FA /* LandmarkRow.swift in Sources */ = {isa = PBXBuildFile; fileRef = A73FD59C27C717C100626E59 /* LandmarkRow.swift */; };
		A7C12ECD27D56E840039C4FA /* hikeData.json in Resources */ = {isa = PBXBuildFile; fileRef = A7C12E4F27CA49D80039C4FA /* hikeData.json */; };
		A7C12ECE27D56E840039C4FA /* Assets.xcassets in Resources */ = {isa = PBXBuildFile; fileRef = A73FD56927C6F1C500626E59 /* Assets.xcassets */; };
		A7C12ED227D570800039C4FA /* LandmarkDetail.swift in Sources */ = {isa = PBXBuildFile; fileRef = A7C12ED127D570800039C4FA /* LandmarkDetail.swift */; };
		A7C12ED327D5720D0039C4FA /* ModelData.swift in Sources */ = {isa = PBXBuildFile; fileRef = A73FD59727C6FFC500626E59 /* ModelData.swift */; };
		A7C12ED427D5720D0039C4FA /* Hike.swift in Sources */ = {isa = PBXBuildFile; fileRef = A7C12E5127CA4A1C0039C4FA /* Hike.swift */; };
		A7C12ED527D5720D0039C4FA /* Profile.swift in Sources */ = {isa = PBXBuildFile; fileRef = A7C12E6527CFEACD0039C4FA /* Profile.swift */; };
		A7C12ED627D5720D0039C4FA /* Landmark.swift in Sources */ = {isa = PBXBuildFile; fileRef = A73FD59527C6FE1C00626E59 /* Landmark.swift */; };
		A7C12EDA27D57A960039C4FA /* LandmarkList.swift in Sources */ = {isa = PBXBuildFile; fileRef = A7C12ED927D57A960039C4FA /* LandmarkList.swift */; };
		A7C12EDE27D5A3710039C4FA /* LandmarkCommands.swift in Sources */ = {isa = PBXBuildFile; fileRef = A7C12EDD27D5A3710039C4FA /* LandmarkCommands.swift */; };
		A7C12EDF27D5A3710039C4FA /* LandmarkCommands.swift in Sources */ = {isa = PBXBuildFile; fileRef = A7C12EDD27D5A3710039C4FA /* LandmarkCommands.swift */; };
		A7C12EE127D5AC710039C4FA /* LandmarkSettings.swift in Sources */ = {isa = PBXBuildFile; fileRef = A7C12EE027D5AC710039C4FA /* LandmarkSettings.swift */; };
/* End PBXBuildFile section */

/* Begin PBXContainerItemProxy section */
		A73FD57327C6F1C500626E59 /* PBXContainerItemProxy */ = {
			isa = PBXContainerItemProxy;
			containerPortal = A73FD55A27C6F1C300626E59 /* Project object */;
			proxyType = 1;
			remoteGlobalIDString = A73FD56127C6F1C300626E59;
			remoteInfo = Landmarks;
		};
		A73FD57D27C6F1C500626E59 /* PBXContainerItemProxy */ = {
			isa = PBXContainerItemProxy;
			containerPortal = A73FD55A27C6F1C300626E59 /* Project object */;
			proxyType = 1;
			remoteGlobalIDString = A73FD56127C6F1C300626E59;
			remoteInfo = Landmarks;
		};
		A7C12E8527D194B10039C4FA /* PBXContainerItemProxy */ = {
			isa = PBXContainerItemProxy;
			containerPortal = A73FD55A27C6F1C300626E59 /* Project object */;
			proxyType = 1;
			remoteGlobalIDString = A7C12E8227D194B10039C4FA;
			remoteInfo = "WatchLandmarks WatchKit Extension";
		};
		A7C12E9927D194B10039C4FA /* PBXContainerItemProxy */ = {
			isa = PBXContainerItemProxy;
			containerPortal = A73FD55A27C6F1C300626E59 /* Project object */;
			proxyType = 1;
			remoteGlobalIDString = A7C12E7A27D194AF0039C4FA;
			remoteInfo = WatchLandmarks;
		};
/* End PBXContainerItemProxy section */

/* Begin PBXCopyFilesBuildPhase section */
		A7C12E9F27D194B10039C4FA /* Embed App Extensions */ = {
			isa = PBXCopyFilesBuildPhase;
			buildActionMask = 2147483647;
			dstPath = "";
			dstSubfolderSpec = 13;
			files = (
				A7C12E8427D194B10039C4FA /* WatchLandmarks WatchKit Extension.appex in Embed App Extensions */,
			);
			name = "Embed App Extensions";
			runOnlyForDeploymentPostprocessing = 0;
		};
		A7C12EA327D194B10039C4FA /* Embed Watch Content */ = {
			isa = PBXCopyFilesBuildPhase;
			buildActionMask = 2147483647;
			dstPath = "$(CONTENTS_FOLDER_PATH)/Watch";
			dstSubfolderSpec = 16;
			files = (
				A7C12E9B27D194B10039C4FA /* WatchLandmarks.app in Embed Watch Content */,
			);
			name = "Embed Watch Content";
			runOnlyForDeploymentPostprocessing = 0;
		};
/* End PBXCopyFilesBuildPhase section */

/* Begin PBXFileReference section */
		A73FD56227C6F1C300626E59 /* Landmarks.app */ = {isa = PBXFileReference; explicitFileType = wrapper.application; includeInIndex = 0; path = Landmarks.app; sourceTree = BUILT_PRODUCTS_DIR; };
		A73FD56527C6F1C300626E59 /* LandmarksApp.swift */ = {isa = PBXFileReference; lastKnownFileType = sourcecode.swift; path = LandmarksApp.swift; sourceTree = "<group>"; };
		A73FD56727C6F1C300626E59 /* ContentView.swift */ = {isa = PBXFileReference; lastKnownFileType = sourcecode.swift; path = ContentView.swift; sourceTree = "<group>"; };
		A73FD56927C6F1C500626E59 /* Assets.xcassets */ = {isa = PBXFileReference; lastKnownFileType = folder.assetcatalog; path = Assets.xcassets; sourceTree = "<group>"; };
		A73FD56C27C6F1C500626E59 /* Preview Assets.xcassets */ = {isa = PBXFileReference; lastKnownFileType = folder.assetcatalog; path = "Preview Assets.xcassets"; sourceTree = "<group>"; };
		A73FD57227C6F1C500626E59 /* LandmarksTests.xctest */ = {isa = PBXFileReference; explicitFileType = wrapper.cfbundle; includeInIndex = 0; path = LandmarksTests.xctest; sourceTree = BUILT_PRODUCTS_DIR; };
		A73FD57627C6F1C500626E59 /* LandmarksTests.swift */ = {isa = PBXFileReference; lastKnownFileType = sourcecode.swift; path = LandmarksTests.swift; sourceTree = "<group>"; };
		A73FD57C27C6F1C500626E59 /* LandmarksUITests.xctest */ = {isa = PBXFileReference; explicitFileType = wrapper.cfbundle; includeInIndex = 0; path = LandmarksUITests.xctest; sourceTree = BUILT_PRODUCTS_DIR; };
		A73FD58027C6F1C500626E59 /* LandmarksUITests.swift */ = {isa = PBXFileReference; lastKnownFileType = sourcecode.swift; path = LandmarksUITests.swift; sourceTree = "<group>"; };
		A73FD58227C6F1C500626E59 /* LandmarksUITestsLaunchTests.swift */ = {isa = PBXFileReference; lastKnownFileType = sourcecode.swift; path = LandmarksUITestsLaunchTests.swift; sourceTree = "<group>"; };
		A73FD58F27C6F57C00626E59 /* CircleImage.swift */ = {isa = PBXFileReference; lastKnownFileType = sourcecode.swift; path = CircleImage.swift; sourceTree = "<group>"; };
		A73FD59127C6F75B00626E59 /* MapView.swift */ = {isa = PBXFileReference; lastKnownFileType = sourcecode.swift; path = MapView.swift; sourceTree = "<group>"; };
		A73FD59327C6FDFE00626E59 /* landmarkData.json */ = {isa = PBXFileReference; fileEncoding = 4; lastKnownFileType = text.json; path = landmarkData.json; sourceTree = "<group>"; };
		A73FD59527C6FE1C00626E59 /* Landmark.swift */ = {isa = PBXFileReference; lastKnownFileType = sourcecode.swift; path = Landmark.swift; sourceTree = "<group>"; };
		A73FD59727C6FFC500626E59 /* ModelData.swift */ = {isa = PBXFileReference; lastKnownFileType = sourcecode.swift; path = ModelData.swift; sourceTree = "<group>"; };
		A73FD59C27C717C100626E59 /* LandmarkRow.swift */ = {isa = PBXFileReference; lastKnownFileType = sourcecode.swift; path = LandmarkRow.swift; sourceTree = "<group>"; };
		A73FD59E27C71BFC00626E59 /* LandmarkList.swift */ = {isa = PBXFileReference; lastKnownFileType = sourcecode.swift; path = LandmarkList.swift; sourceTree = "<group>"; };
		A73FD5A027C808C900626E59 /* LandmarkDetail.swift */ = {isa = PBXFileReference; lastKnownFileType = sourcecode.swift; path = LandmarkDetail.swift; sourceTree = "<group>"; };
		A7C12E4027C8F2710039C4FA /* FavoriteButton.swift */ = {isa = PBXFileReference; lastKnownFileType = sourcecode.swift; path = FavoriteButton.swift; sourceTree = "<group>"; };
		A7C12E4427C98AEB0039C4FA /* HexagonParameters.swift */ = {isa = PBXFileReference; lastKnownFileType = sourcecode.swift; path = HexagonParameters.swift; sourceTree = "<group>"; };
		A7C12E4627C98E3E0039C4FA /* BadgeBackground.swift */ = {isa = PBXFileReference; lastKnownFileType = sourcecode.swift; path = BadgeBackground.swift; sourceTree = "<group>"; };
		A7C12E4827C99AB10039C4FA /* BadgeSymbol.swift */ = {isa = PBXFileReference; lastKnownFileType = sourcecode.swift; path = BadgeSymbol.swift; sourceTree = "<group>"; };
		A7C12E4A27C9C1C90039C4FA /* RotateBadgeSymbol.swift */ = {isa = PBXFileReference; lastKnownFileType = sourcecode.swift; path = RotateBadgeSymbol.swift; sourceTree = "<group>"; };
		A7C12E4C27C9C2880039C4FA /* Badge.swift */ = {isa = PBXFileReference; lastKnownFileType = sourcecode.swift; path = Badge.swift; sourceTree = "<group>"; };
		A7C12E4F27CA49D80039C4FA /* hikeData.json */ = {isa = PBXFileReference; fileEncoding = 4; lastKnownFileType = text.json; path = hikeData.json; sourceTree = "<group>"; };
		A7C12E5127CA4A1C0039C4FA /* Hike.swift */ = {isa = PBXFileReference; lastKnownFileType = sourcecode.swift; path = Hike.swift; sourceTree = "<group>"; };
		A7C12E5427CA4BD50039C4FA /* GraphCapsule.swift */ = {isa = PBXFileReference; fileEncoding = 4; lastKnownFileType = sourcecode.swift; path = GraphCapsule.swift; sourceTree = "<group>"; };
		A7C12E5527CA4BD50039C4FA /* HikeGraph.swift */ = {isa = PBXFileReference; fileEncoding = 4; lastKnownFileType = sourcecode.swift; path = HikeGraph.swift; sourceTree = "<group>"; };
		A7C12E5627CA4BD50039C4FA /* HikeDetail.swift */ = {isa = PBXFileReference; fileEncoding = 4; lastKnownFileType = sourcecode.swift; path = HikeDetail.swift; sourceTree = "<group>"; };
		A7C12E5727CA4BD50039C4FA /* HikeView.swift */ = {isa = PBXFileReference; fileEncoding = 4; lastKnownFileType = sourcecode.swift; path = HikeView.swift; sourceTree = "<group>"; };
		A7C12E5D27CA862E0039C4FA /* CategoryHome.swift */ = {isa = PBXFileReference; lastKnownFileType = sourcecode.swift; path = CategoryHome.swift; sourceTree = "<group>"; };
		A7C12E6127CACEED0039C4FA /* CategoryRow.swift */ = {isa = PBXFileReference; lastKnownFileType = sourcecode.swift; path = CategoryRow.swift; sourceTree = "<group>"; };
		A7C12E6327CAD0F00039C4FA /* CategoryItem.swift */ = {isa = PBXFileReference; lastKnownFileType = sourcecode.swift; path = CategoryItem.swift; sourceTree = "<group>"; };
		A7C12E6527CFEACD0039C4FA /* Profile.swift */ = {isa = PBXFileReference; lastKnownFileType = sourcecode.swift; path = Profile.swift; sourceTree = "<group>"; };
		A7C12E6827CFEF1B0039C4FA /* ProfileHost.swift */ = {isa = PBXFileReference; lastKnownFileType = sourcecode.swift; path = ProfileHost.swift; sourceTree = "<group>"; };
		A7C12E6A27D006F40039C4FA /* ProfileSummary.swift */ = {isa = PBXFileReference; lastKnownFileType = sourcecode.swift; path = ProfileSummary.swift; sourceTree = "<group>"; };
		A7C12E6C27D009F60039C4FA /* HikeBadge.swift */ = {isa = PBXFileReference; lastKnownFileType = sourcecode.swift; path = HikeBadge.swift; sourceTree = "<group>"; };
		A7C12E6E27D143F80039C4FA /* ProfileEditor.swift */ = {isa = PBXFileReference; lastKnownFileType = sourcecode.swift; path = ProfileEditor.swift; sourceTree = "<group>"; };
		A7C12E7127D154150039C4FA /* PageViewController.swift */ = {isa = PBXFileReference; lastKnownFileType = sourcecode.swift; path = PageViewController.swift; sourceTree = "<group>"; };
		A7C12E7327D1571F0039C4FA /* FeatureCard.swift */ = {isa = PBXFileReference; lastKnownFileType = sourcecode.swift; path = FeatureCard.swift; sourceTree = "<group>"; };
		A7C12E7527D159B00039C4FA /* PageView.swift */ = {isa = PBXFileReference; lastKnownFileType = sourcecode.swift; path = PageView.swift; sourceTree = "<group>"; };
		A7C12E7727D17A550039C4FA /* PageControl.swift */ = {isa = PBXFileReference; lastKnownFileType = sourcecode.swift; path = PageControl.swift; sourceTree = "<group>"; };
		A7C12E7B27D194AF0039C4FA /* WatchLandmarks.app */ = {isa = PBXFileReference; explicitFileType = wrapper.application; includeInIndex = 0; path = WatchLandmarks.app; sourceTree = BUILT_PRODUCTS_DIR; };
		A7C12E7D27D194B10039C4FA /* Assets.xcassets */ = {isa = PBXFileReference; lastKnownFileType = folder.assetcatalog; path = Assets.xcassets; sourceTree = "<group>"; };
		A7C12E8327D194B10039C4FA /* WatchLandmarks WatchKit Extension.appex */ = {isa = PBXFileReference; explicitFileType = "wrapper.app-extension"; includeInIndex = 0; path = "WatchLandmarks WatchKit Extension.appex"; sourceTree = BUILT_PRODUCTS_DIR; };
		A7C12E8A27D194B10039C4FA /* ContentView.swift */ = {isa = PBXFileReference; lastKnownFileType = sourcecode.swift; path = ContentView.swift; sourceTree = "<group>"; };
		A7C12E8C27D194B10039C4FA /* NotificationController.swift */ = {isa = PBXFileReference; lastKnownFileType = sourcecode.swift; path = NotificationController.swift; sourceTree = "<group>"; };
		A7C12E8E27D194B10039C4FA /* NotificationView.swift */ = {isa = PBXFileReference; lastKnownFileType = sourcecode.swift; path = NotificationView.swift; sourceTree = "<group>"; };
		A7C12E9027D194B10039C4FA /* ComplicationController.swift */ = {isa = PBXFileReference; lastKnownFileType = sourcecode.swift; path = ComplicationController.swift; sourceTree = "<group>"; };
		A7C12E9227D194B10039C4FA /* Assets.xcassets */ = {isa = PBXFileReference; lastKnownFileType = folder.assetcatalog; path = Assets.xcassets; sourceTree = "<group>"; };
		A7C12E9527D194B10039C4FA /* Preview Assets.xcassets */ = {isa = PBXFileReference; lastKnownFileType = folder.assetcatalog; path = "Preview Assets.xcassets"; sourceTree = "<group>"; };
		A7C12E9727D194B10039C4FA /* Info.plist */ = {isa = PBXFileReference; lastKnownFileType = text.plist.xml; path = Info.plist; sourceTree = "<group>"; };
		A7C12E9827D194B10039C4FA /* PushNotificationPayload.apns */ = {isa = PBXFileReference; lastKnownFileType = text; path = PushNotificationPayload.apns; sourceTree = "<group>"; };
		A7C12EB027D197A50039C4FA /* LandmarkDetail.swift */ = {isa = PBXFileReference; lastKnownFileType = sourcecode.swift; path = LandmarkDetail.swift; sourceTree = "<group>"; };
		A7C12EB727D56D620039C4FA /* MacLandmarks.app */ = {isa = PBXFileReference; explicitFileType = wrapper.application; includeInIndex = 0; path = MacLandmarks.app; sourceTree = BUILT_PRODUCTS_DIR; };
		A7C12EBB27D56D620039C4FA /* ContentView.swift */ = {isa = PBXFileReference; lastKnownFileType = sourcecode.swift; path = ContentView.swift; sourceTree = "<group>"; };
		A7C12EBD27D56D650039C4FA /* Assets.xcassets */ = {isa = PBXFileReference; lastKnownFileType = folder.assetcatalog; path = Assets.xcassets; sourceTree = "<group>"; };
		A7C12EC027D56D650039C4FA /* Preview Assets.xcassets */ = {isa = PBXFileReference; lastKnownFileType = folder.assetcatalog; path = "Preview Assets.xcassets"; sourceTree = "<group>"; };
		A7C12EC227D56D650039C4FA /* MacLandmarks.entitlements */ = {isa = PBXFileReference; lastKnownFileType = text.plist.entitlements; path = MacLandmarks.entitlements; sourceTree = "<group>"; };
		A7C12ED127D570800039C4FA /* LandmarkDetail.swift */ = {isa = PBXFileReference; lastKnownFileType = sourcecode.swift; path = LandmarkDetail.swift; sourceTree = "<group>"; };
		A7C12ED927D57A960039C4FA /* LandmarkList.swift */ = {isa = PBXFileReference; lastKnownFileType = sourcecode.swift; path = LandmarkList.swift; sourceTree = "<group>"; };
		A7C12EDD27D5A3710039C4FA /* LandmarkCommands.swift */ = {isa = PBXFileReference; lastKnownFileType = sourcecode.swift; path = LandmarkCommands.swift; sourceTree = "<group>"; };
		A7C12EE027D5AC710039C4FA /* LandmarkSettings.swift */ = {isa = PBXFileReference; lastKnownFileType = sourcecode.swift; path = LandmarkSettings.swift; sourceTree = "<group>"; };
/* End PBXFileReference section */

/* Begin PBXFrameworksBuildPhase section */
		A73FD55F27C6F1C300626E59 /* Frameworks */ = {
			isa = PBXFrameworksBuildPhase;
			buildActionMask = 2147483647;
			files = (
			);
			runOnlyForDeploymentPostprocessing = 0;
		};
		A73FD56F27C6F1C500626E59 /* Frameworks */ = {
			isa = PBXFrameworksBuildPhase;
			buildActionMask = 2147483647;
			files = (
			);
			runOnlyForDeploymentPostprocessing = 0;
		};
		A73FD57927C6F1C500626E59 /* Frameworks */ = {
			isa = PBXFrameworksBuildPhase;
			buildActionMask = 2147483647;
			files = (
			);
			runOnlyForDeploymentPostprocessing = 0;
		};
		A7C12E8027D194B10039C4FA /* Frameworks */ = {
			isa = PBXFrameworksBuildPhase;
			buildActionMask = 2147483647;
			files = (
			);
			runOnlyForDeploymentPostprocessing = 0;
		};
		A7C12EB427D56D620039C4FA /* Frameworks */ = {
			isa = PBXFrameworksBuildPhase;
			buildActionMask = 2147483647;
			files = (
			);
			runOnlyForDeploymentPostprocessing = 0;
		};
/* End PBXFrameworksBuildPhase section */

/* Begin PBXGroup section */
		A73FD55927C6F1C300626E59 = {
			isa = PBXGroup;
			children = (
				A73FD56427C6F1C300626E59 /* Landmarks */,
				A73FD57527C6F1C500626E59 /* LandmarksTests */,
				A73FD57F27C6F1C500626E59 /* LandmarksUITests */,
				A7C12E7C27D194AF0039C4FA /* WatchLandmarks */,
				A7C12E8727D194B10039C4FA /* WatchLandmarks WatchKit Extension */,
				A7C12EB827D56D620039C4FA /* MacLandmarks */,
				A73FD56327C6F1C300626E59 /* Products */,
			);
			sourceTree = "<group>";
		};
		A73FD56327C6F1C300626E59 /* Products */ = {
			isa = PBXGroup;
			children = (
				A73FD56227C6F1C300626E59 /* Landmarks.app */,
				A73FD57227C6F1C500626E59 /* LandmarksTests.xctest */,
				A73FD57C27C6F1C500626E59 /* LandmarksUITests.xctest */,
				A7C12E7B27D194AF0039C4FA /* WatchLandmarks.app */,
				A7C12E8327D194B10039C4FA /* WatchLandmarks WatchKit Extension.appex */,
				A7C12EB727D56D620039C4FA /* MacLandmarks.app */,
			);
			name = Products;
			sourceTree = "<group>";
		};
		A73FD56427C6F1C300626E59 /* Landmarks */ = {
			isa = PBXGroup;
			children = (
				A73FD59B27C7020000626E59 /* Resources */,
				A73FD59A27C701E400626E59 /* Model */,
				A73FD59927C701B400626E59 /* Views */,
				A73FD56527C6F1C300626E59 /* LandmarksApp.swift */,
				A73FD56927C6F1C500626E59 /* Assets.xcassets */,
				A73FD56B27C6F1C500626E59 /* Preview Content */,
			);
			path = Landmarks;
			sourceTree = "<group>";
		};
		A73FD56B27C6F1C500626E59 /* Preview Content */ = {
			isa = PBXGroup;
			children = (
				A73FD56C27C6F1C500626E59 /* Preview Assets.xcassets */,
			);
			path = "Preview Content";
			sourceTree = "<group>";
		};
		A73FD57527C6F1C500626E59 /* LandmarksTests */ = {
			isa = PBXGroup;
			children = (
				A73FD57627C6F1C500626E59 /* LandmarksTests.swift */,
			);
			path = LandmarksTests;
			sourceTree = "<group>";
		};
		A73FD57F27C6F1C500626E59 /* LandmarksUITests */ = {
			isa = PBXGroup;
			children = (
				A73FD58027C6F1C500626E59 /* LandmarksUITests.swift */,
				A73FD58227C6F1C500626E59 /* LandmarksUITestsLaunchTests.swift */,
			);
			path = LandmarksUITests;
			sourceTree = "<group>";
		};
		A73FD59927C701B400626E59 /* Views */ = {
			isa = PBXGroup;
			children = (
				A7C12E7027D153D00039C4FA /* PageView */,
				A7C12E6727CFEEFA0039C4FA /* Profiles */,
				A7C12E5C27CA86150039C4FA /* Categories */,
				A7C12E5327CA4BD50039C4FA /* Hikes */,
				A7C12E4E27C9C4E00039C4FA /* Badges */,
				A7C12E4327C8F3D90039C4FA /* Helpers */,
				A7C12E4227C8F3CE0039C4FA /* Landmarks */,
				A73FD56727C6F1C300626E59 /* ContentView.swift */,
				A7C12E7327D1571F0039C4FA /* FeatureCard.swift */,
			);
			path = Views;
			sourceTree = "<group>";
		};
		A73FD59A27C701E400626E59 /* Model */ = {
			isa = PBXGroup;
			children = (
				A73FD59527C6FE1C00626E59 /* Landmark.swift */,
				A73FD59727C6FFC500626E59 /* ModelData.swift */,
				A7C12E5127CA4A1C0039C4FA /* Hike.swift */,
				A7C12E6527CFEACD0039C4FA /* Profile.swift */,
			);
			path = Model;
			sourceTree = "<group>";
		};
		A73FD59B27C7020000626E59 /* Resources */ = {
			isa = PBXGroup;
			children = (
				A7C12E4F27CA49D80039C4FA /* hikeData.json */,
				A73FD59327C6FDFE00626E59 /* landmarkData.json */,
			);
			path = Resources;
			sourceTree = "<group>";
		};
		A7C12E4227C8F3CE0039C4FA /* Landmarks */ = {
			isa = PBXGroup;
			children = (
				A73FD59C27C717C100626E59 /* LandmarkRow.swift */,
				A73FD58F27C6F57C00626E59 /* CircleImage.swift */,
				A73FD59E27C71BFC00626E59 /* LandmarkList.swift */,
				A73FD59127C6F75B00626E59 /* MapView.swift */,
				A7C12E4027C8F2710039C4FA /* FavoriteButton.swift */,
			);
			path = Landmarks;
			sourceTree = "<group>";
		};
		A7C12E4327C8F3D90039C4FA /* Helpers */ = {
			isa = PBXGroup;
			children = (
				A73FD5A027C808C900626E59 /* LandmarkDetail.swift */,
			);
			path = Helpers;
			sourceTree = "<group>";
		};
		A7C12E4E27C9C4E00039C4FA /* Badges */ = {
			isa = PBXGroup;
			children = (
				A7C12E4427C98AEB0039C4FA /* HexagonParameters.swift */,
				A7C12E4827C99AB10039C4FA /* BadgeSymbol.swift */,
				A7C12E4A27C9C1C90039C4FA /* RotateBadgeSymbol.swift */,
				A7C12E4C27C9C2880039C4FA /* Badge.swift */,
				A7C12E4627C98E3E0039C4FA /* BadgeBackground.swift */,
			);
			path = Badges;
			sourceTree = "<group>";
		};
		A7C12E5327CA4BD50039C4FA /* Hikes */ = {
			isa = PBXGroup;
			children = (
				A7C12E5427CA4BD50039C4FA /* GraphCapsule.swift */,
				A7C12E5527CA4BD50039C4FA /* HikeGraph.swift */,
				A7C12E5627CA4BD50039C4FA /* HikeDetail.swift */,
				A7C12E5727CA4BD50039C4FA /* HikeView.swift */,
				A7C12E6C27D009F60039C4FA /* HikeBadge.swift */,
			);
			path = Hikes;
			sourceTree = "<group>";
		};
		A7C12E5C27CA86150039C4FA /* Categories */ = {
			isa = PBXGroup;
			children = (
				A7C12E5D27CA862E0039C4FA /* CategoryHome.swift */,
				A7C12E6127CACEED0039C4FA /* CategoryRow.swift */,
				A7C12E6327CAD0F00039C4FA /* CategoryItem.swift */,
			);
			path = Categories;
			sourceTree = "<group>";
		};
		A7C12E6727CFEEFA0039C4FA /* Profiles */ = {
			isa = PBXGroup;
			children = (
				A7C12E6827CFEF1B0039C4FA /* ProfileHost.swift */,
				A7C12E6A27D006F40039C4FA /* ProfileSummary.swift */,
				A7C12E6E27D143F80039C4FA /* ProfileEditor.swift */,
			);
			path = Profiles;
			sourceTree = "<group>";
		};
		A7C12E7027D153D00039C4FA /* PageView */ = {
			isa = PBXGroup;
			children = (
				A7C12E7127D154150039C4FA /* PageViewController.swift */,
				A7C12E7527D159B00039C4FA /* PageView.swift */,
				A7C12E7727D17A550039C4FA /* PageControl.swift */,
			);
			path = PageView;
			sourceTree = "<group>";
		};
		A7C12E7C27D194AF0039C4FA /* WatchLandmarks */ = {
			isa = PBXGroup;
			children = (
				A7C12E7D27D194B10039C4FA /* Assets.xcassets */,
			);
			path = WatchLandmarks;
			sourceTree = "<group>";
		};
		A7C12E8727D194B10039C4FA /* WatchLandmarks WatchKit Extension */ = {
			isa = PBXGroup;
			children = (
				A7C12EB227D19A820039C4FA /* View */,
				A7C12E8A27D194B10039C4FA /* ContentView.swift */,
				A7C12E8C27D194B10039C4FA /* NotificationController.swift */,
				A7C12E8E27D194B10039C4FA /* NotificationView.swift */,
				A7C12E9027D194B10039C4FA /* ComplicationController.swift */,
				A7C12E9227D194B10039C4FA /* Assets.xcassets */,
				A7C12E9727D194B10039C4FA /* Info.plist */,
				A7C12E9827D194B10039C4FA /* PushNotificationPayload.apns */,
				A7C12E9427D194B10039C4FA /* Preview Content */,
			);
			path = "WatchLandmarks WatchKit Extension";
			sourceTree = "<group>";
		};
		A7C12E9427D194B10039C4FA /* Preview Content */ = {
			isa = PBXGroup;
			children = (
				A7C12E9527D194B10039C4FA /* Preview Assets.xcassets */,
			);
			path = "Preview Content";
			sourceTree = "<group>";
		};
		A7C12EB227D19A820039C4FA /* View */ = {
			isa = PBXGroup;
			children = (
				A7C12EB027D197A50039C4FA /* LandmarkDetail.swift */,
				A7C12ED927D57A960039C4FA /* LandmarkList.swift */,
			);
			path = View;
			sourceTree = "<group>";
		};
		A7C12EB827D56D620039C4FA /* MacLandmarks */ = {
			isa = PBXGroup;
			children = (
				A7C12EBB27D56D620039C4FA /* ContentView.swift */,
				A7C12EBD27D56D650039C4FA /* Assets.xcassets */,
				A7C12EC227D56D650039C4FA /* MacLandmarks.entitlements */,
				A7C12EBF27D56D650039C4FA /* Preview Content */,
				A7C12ED127D570800039C4FA /* LandmarkDetail.swift */,
				A7C12EDD27D5A3710039C4FA /* LandmarkCommands.swift */,
				A7C12EE027D5AC710039C4FA /* LandmarkSettings.swift */,
			);
			path = MacLandmarks;
			sourceTree = "<group>";
		};
		A7C12EBF27D56D650039C4FA /* Preview Content */ = {
			isa = PBXGroup;
			children = (
				A7C12EC027D56D650039C4FA /* Preview Assets.xcassets */,
			);
			path = "Preview Content";
			sourceTree = "<group>";
		};
/* End PBXGroup section */

/* Begin PBXNativeTarget section */
		A73FD56127C6F1C300626E59 /* Landmarks */ = {
			isa = PBXNativeTarget;
			buildConfigurationList = A73FD58627C6F1C500626E59 /* Build configuration list for PBXNativeTarget "Landmarks" */;
			buildPhases = (
				A73FD55E27C6F1C300626E59 /* Sources */,
				A73FD55F27C6F1C300626E59 /* Frameworks */,
				A73FD56027C6F1C300626E59 /* Resources */,
				A7C12EA327D194B10039C4FA /* Embed Watch Content */,
			);
			buildRules = (
			);
			dependencies = (
				A7C12E9A27D194B10039C4FA /* PBXTargetDependency */,
			);
			name = Landmarks;
			productName = Landmarks;
			productReference = A73FD56227C6F1C300626E59 /* Landmarks.app */;
			productType = "com.apple.product-type.application";
		};
		A73FD57127C6F1C500626E59 /* LandmarksTests */ = {
			isa = PBXNativeTarget;
			buildConfigurationList = A73FD58927C6F1C500626E59 /* Build configuration list for PBXNativeTarget "LandmarksTests" */;
			buildPhases = (
				A73FD56E27C6F1C500626E59 /* Sources */,
				A73FD56F27C6F1C500626E59 /* Frameworks */,
				A73FD57027C6F1C500626E59 /* Resources */,
			);
			buildRules = (
			);
			dependencies = (
				A73FD57427C6F1C500626E59 /* PBXTargetDependency */,
			);
			name = LandmarksTests;
			productName = LandmarksTests;
			productReference = A73FD57227C6F1C500626E59 /* LandmarksTests.xctest */;
			productType = "com.apple.product-type.bundle.unit-test";
		};
		A73FD57B27C6F1C500626E59 /* LandmarksUITests */ = {
			isa = PBXNativeTarget;
			buildConfigurationList = A73FD58C27C6F1C500626E59 /* Build configuration list for PBXNativeTarget "LandmarksUITests" */;
			buildPhases = (
				A73FD57827C6F1C500626E59 /* Sources */,
				A73FD57927C6F1C500626E59 /* Frameworks */,
				A73FD57A27C6F1C500626E59 /* Resources */,
			);
			buildRules = (
			);
			dependencies = (
				A73FD57E27C6F1C500626E59 /* PBXTargetDependency */,
			);
			name = LandmarksUITests;
			productName = LandmarksUITests;
			productReference = A73FD57C27C6F1C500626E59 /* LandmarksUITests.xctest */;
			productType = "com.apple.product-type.bundle.ui-testing";
		};
		A7C12E7A27D194AF0039C4FA /* WatchLandmarks */ = {
			isa = PBXNativeTarget;
			buildConfigurationList = A7C12EA027D194B10039C4FA /* Build configuration list for PBXNativeTarget "WatchLandmarks" */;
			buildPhases = (
				A7C12E7927D194AF0039C4FA /* Resources */,
				A7C12E9F27D194B10039C4FA /* Embed App Extensions */,
			);
			buildRules = (
			);
			dependencies = (
				A7C12E8627D194B10039C4FA /* PBXTargetDependency */,
			);
			name = WatchLandmarks;
			productName = WatchLandmarks;
			productReference = A7C12E7B27D194AF0039C4FA /* WatchLandmarks.app */;
			productType = "com.apple.product-type.application.watchapp2";
		};
		A7C12E8227D194B10039C4FA /* WatchLandmarks WatchKit Extension */ = {
			isa = PBXNativeTarget;
			buildConfigurationList = A7C12E9C27D194B10039C4FA /* Build configuration list for PBXNativeTarget "WatchLandmarks WatchKit Extension" */;
			buildPhases = (
				A7C12E7F27D194B10039C4FA /* Sources */,
				A7C12E8027D194B10039C4FA /* Frameworks */,
				A7C12E8127D194B10039C4FA /* Resources */,
			);
			buildRules = (
			);
			dependencies = (
			);
			name = "WatchLandmarks WatchKit Extension";
			productName = "WatchLandmarks WatchKit Extension";
			productReference = A7C12E8327D194B10039C4FA /* WatchLandmarks WatchKit Extension.appex */;
			productType = "com.apple.product-type.watchkit2-extension";
		};
		A7C12EB627D56D620039C4FA /* MacLandmarks */ = {
			isa = PBXNativeTarget;
			buildConfigurationList = A7C12EC327D56D650039C4FA /* Build configuration list for PBXNativeTarget "MacLandmarks" */;
			buildPhases = (
				A7C12EB327D56D620039C4FA /* Sources */,
				A7C12EB427D56D620039C4FA /* Frameworks */,
				A7C12EB527D56D620039C4FA /* Resources */,
			);
			buildRules = (
			);
			dependencies = (
			);
			name = MacLandmarks;
			productName = MacLandmarks;
			productReference = A7C12EB727D56D620039C4FA /* MacLandmarks.app */;
			productType = "com.apple.product-type.application";
		};
/* End PBXNativeTarget section */

/* Begin PBXProject section */
		A73FD55A27C6F1C300626E59 /* Project object */ = {
			isa = PBXProject;
			attributes = {
				BuildIndependentTargetsInParallel = 1;
				LastSwiftUpdateCheck = 1320;
				LastUpgradeCheck = 1320;
				TargetAttributes = {
					A73FD56127C6F1C300626E59 = {
						CreatedOnToolsVersion = 13.2.1;
					};
					A73FD57127C6F1C500626E59 = {
						CreatedOnToolsVersion = 13.2.1;
						TestTargetID = A73FD56127C6F1C300626E59;
					};
					A73FD57B27C6F1C500626E59 = {
						CreatedOnToolsVersion = 13.2.1;
						TestTargetID = A73FD56127C6F1C300626E59;
					};
					A7C12E7A27D194AF0039C4FA = {
						CreatedOnToolsVersion = 13.2.1;
					};
					A7C12E8227D194B10039C4FA = {
						CreatedOnToolsVersion = 13.2.1;
					};
					A7C12EB627D56D620039C4FA = {
						CreatedOnToolsVersion = 13.2.1;
					};
				};
			};
			buildConfigurationList = A73FD55D27C6F1C300626E59 /* Build configuration list for PBXProject "Landmarks" */;
			compatibilityVersion = "Xcode 13.0";
			developmentRegion = en;
			hasScannedForEncodings = 0;
			knownRegions = (
				en,
				Base,
			);
			mainGroup = A73FD55927C6F1C300626E59;
			productRefGroup = A73FD56327C6F1C300626E59 /* Products */;
			projectDirPath = "";
			projectRoot = "";
			targets = (
				A73FD56127C6F1C300626E59 /* Landmarks */,
				A7C12E7A27D194AF0039C4FA /* WatchLandmarks */,
				A7C12E8227D194B10039C4FA /* WatchLandmarks WatchKit Extension */,
				A73FD57127C6F1C500626E59 /* LandmarksTests */,
				A73FD57B27C6F1C500626E59 /* LandmarksUITests */,
				A7C12EB627D56D620039C4FA /* MacLandmarks */,
			);
		};
/* End PBXProject section */

/* Begin PBXResourcesBuildPhase section */
		A73FD56027C6F1C300626E59 /* Resources */ = {
			isa = PBXResourcesBuildPhase;
			buildActionMask = 2147483647;
			files = (
				A7C12E5027CA49D80039C4FA /* hikeData.json in Resources */,
				A73FD56D27C6F1C500626E59 /* Preview Assets.xcassets in Resources */,
				A73FD56A27C6F1C500626E59 /* Assets.xcassets in Resources */,
				A73FD59427C6FDFE00626E59 /* landmarkData.json in Resources */,
			);
			runOnlyForDeploymentPostprocessing = 0;
		};
		A73FD57027C6F1C500626E59 /* Resources */ = {
			isa = PBXResourcesBuildPhase;
			buildActionMask = 2147483647;
			files = (
			);
			runOnlyForDeploymentPostprocessing = 0;
		};
		A73FD57A27C6F1C500626E59 /* Resources */ = {
			isa = PBXResourcesBuildPhase;
			buildActionMask = 2147483647;
			files = (
			);
			runOnlyForDeploymentPostprocessing = 0;
		};
		A7C12E7927D194AF0039C4FA /* Resources */ = {
			isa = PBXResourcesBuildPhase;
			buildActionMask = 2147483647;
			files = (
				A7C12E7E27D194B10039C4FA /* Assets.xcassets in Resources */,
			);
			runOnlyForDeploymentPostprocessing = 0;
		};
		A7C12E8127D194B10039C4FA /* Resources */ = {
			isa = PBXResourcesBuildPhase;
			buildActionMask = 2147483647;
			files = (
				A7C12E9627D194B10039C4FA /* Preview Assets.xcassets in Resources */,
				A7C12EA927D196910039C4FA /* landmarkData.json in Resources */,
				A7C12EA627D196910039C4FA /* Assets.xcassets in Resources */,
				A7C12E9327D194B10039C4FA /* Assets.xcassets in Resources */,
				A7C12EAB27D196910039C4FA /* hikeData.json in Resources */,
			);
			runOnlyForDeploymentPostprocessing = 0;
		};
		A7C12EB527D56D620039C4FA /* Resources */ = {
			isa = PBXResourcesBuildPhase;
			buildActionMask = 2147483647;
			files = (
				A7C12ECD27D56E840039C4FA /* hikeData.json in Resources */,
				A7C12EC127D56D650039C4FA /* Preview Assets.xcassets in Resources */,
				A7C12EBE27D56D650039C4FA /* Assets.xcassets in Resources */,
				A7C12EC927D56E840039C4FA /* landmarkData.json in Resources */,
				A7C12ECE27D56E840039C4FA /* Assets.xcassets in Resources */,
			);
			runOnlyForDeploymentPostprocessing = 0;
		};
/* End PBXResourcesBuildPhase section */

/* Begin PBXSourcesBuildPhase section */
		A73FD55E27C6F1C300626E59 /* Sources */ = {
			isa = PBXSourcesBuildPhase;
			buildActionMask = 2147483647;
			files = (
				A7C12E6227CACEED0039C4FA /* CategoryRow.swift in Sources */,
				A7C12E6627CFEACD0039C4FA /* Profile.swift in Sources */,
				A7C12EDE27D5A3710039C4FA /* LandmarkCommands.swift in Sources */,
				A73FD56827C6F1C300626E59 /* ContentView.swift in Sources */,
				A7C12E5E27CA862E0039C4FA /* CategoryHome.swift in Sources */,
				A7C12E7427D1571F0039C4FA /* FeatureCard.swift in Sources */,
				A7C12E5927CA4BD50039C4FA /* HikeGraph.swift in Sources */,
				A7C12E4D27C9C2880039C4FA /* Badge.swift in Sources */,
				A73FD59227C6F75B00626E59 /* MapView.swift in Sources */,
				A7C12E5827CA4BD50039C4FA /* GraphCapsule.swift in Sources */,
				A7C12E4B27C9C1C90039C4FA /* RotateBadgeSymbol.swift in Sources */,
				A7C12E7827D17A550039C4FA /* PageControl.swift in Sources */,
				A73FD56627C6F1C300626E59 /* LandmarksApp.swift in Sources */,
				A7C12E6427CAD0F00039C4FA /* CategoryItem.swift in Sources */,
				A7C12E5A27CA4BD50039C4FA /* HikeDetail.swift in Sources */,
				A7C12E6B27D006F40039C4FA /* ProfileSummary.swift in Sources */,
				A7C12E4127C8F2710039C4FA /* FavoriteButton.swift in Sources */,
				A7C12E6927CFEF1B0039C4FA /* ProfileHost.swift in Sources */,
				A7C12E5227CA4A1C0039C4FA /* Hike.swift in Sources */,
				A7C12E4527C98AEB0039C4FA /* HexagonParameters.swift in Sources */,
				A7C12E7627D159B00039C4FA /* PageView.swift in Sources */,
				A7C12E4927C99AB10039C4FA /* BadgeSymbol.swift in Sources */,
				A7C12E6F27D143F80039C4FA /* ProfileEditor.swift in Sources */,
				A73FD59F27C71BFC00626E59 /* LandmarkList.swift in Sources */,
				A7C12E5B27CA4BD50039C4FA /* HikeView.swift in Sources */,
				A73FD5A127C808C900626E59 /* LandmarkDetail.swift in Sources */,
				A7C12E7227D154150039C4FA /* PageViewController.swift in Sources */,
				A7C12E4727C98E3E0039C4FA /* BadgeBackground.swift in Sources */,
				A7C12E6D27D009F60039C4FA /* HikeBadge.swift in Sources */,
				A73FD59027C6F57C00626E59 /* CircleImage.swift in Sources */,
				A73FD59627C6FE1C00626E59 /* Landmark.swift in Sources */,
				A73FD59D27C717C100626E59 /* LandmarkRow.swift in Sources */,
				A73FD59827C6FFC500626E59 /* ModelData.swift in Sources */,
			);
			runOnlyForDeploymentPostprocessing = 0;
		};
		A73FD56E27C6F1C500626E59 /* Sources */ = {
			isa = PBXSourcesBuildPhase;
			buildActionMask = 2147483647;
			files = (
				A73FD57727C6F1C500626E59 /* LandmarksTests.swift in Sources */,
			);
			runOnlyForDeploymentPostprocessing = 0;
		};
		A73FD57827C6F1C500626E59 /* Sources */ = {
			isa = PBXSourcesBuildPhase;
			buildActionMask = 2147483647;
			files = (
				A73FD58327C6F1C500626E59 /* LandmarksUITestsLaunchTests.swift in Sources */,
				A73FD58127C6F1C500626E59 /* LandmarksUITests.swift in Sources */,
			);
			runOnlyForDeploymentPostprocessing = 0;
		};
		A7C12E7F27D194B10039C4FA /* Sources */ = {
			isa = PBXSourcesBuildPhase;
			buildActionMask = 2147483647;
			files = (
				A7C12EA527D196910039C4FA /* Hike.swift in Sources */,
				A7C12E8D27D194B10039C4FA /* NotificationController.swift in Sources */,
				A7C12E8B27D194B10039C4FA /* ContentView.swift in Sources */,
				A7C12EDA27D57A960039C4FA /* LandmarkList.swift in Sources */,
				A7C12E9127D194B10039C4FA /* ComplicationController.swift in Sources */,
				A7C12EAE27D196910039C4FA /* CircleImage.swift in Sources */,
				A7C12EB127D197A50039C4FA /* LandmarkDetail.swift in Sources */,
				A7C12E8F27D194B10039C4FA /* NotificationView.swift in Sources */,
				A7C12EA427D196910039C4FA /* Landmark.swift in Sources */,
				A7C12EA827D196910039C4FA /* LandmarkRow.swift in Sources */,
				A7C12EAC27D196910039C4FA /* MapView.swift in Sources */,
				A7C12EAF27D196910039C4FA /* LandmarksApp.swift in Sources */,
				A7C12EAA27D196910039C4FA /* Profile.swift in Sources */,
				A7C12EA727D196910039C4FA /* ModelData.swift in Sources */,
			);
			runOnlyForDeploymentPostprocessing = 0;
		};
		A7C12EB327D56D620039C4FA /* Sources */ = {
			isa = PBXSourcesBuildPhase;
			buildActionMask = 2147483647;
			files = (
				A7C12ED427D5720D0039C4FA /* Hike.swift in Sources */,
				A7C12EBC27D56D620039C4FA /* ContentView.swift in Sources */,
				A7C12EE127D5AC710039C4FA /* LandmarkSettings.swift in Sources */,
				A7C12ECB27D56E840039C4FA /* LandmarksApp.swift in Sources */,
				A7C12ED327D5720D0039C4FA /* ModelData.swift in Sources */,
				A7C12EDF27D5A3710039C4FA /* LandmarkCommands.swift in Sources */,
				A7C12EC727D56E840039C4FA /* LandmarkList.swift in Sources */,
				A7C12ECA27D56E840039C4FA /* MapView.swift in Sources */,
				A7C12ED227D570800039C4FA /* LandmarkDetail.swift in Sources */,
				A7C12EC627D56E840039C4FA /* CircleImage.swift in Sources */,
				A7C12ED527D5720D0039C4FA /* Profile.swift in Sources */,
				A7C12ECC27D56E840039C4FA /* LandmarkRow.swift in Sources */,
				A7C12EC827D56E840039C4FA /* FavoriteButton.swift in Sources */,
				A7C12ED627D5720D0039C4FA /* Landmark.swift in Sources */,
			);
			runOnlyForDeploymentPostprocessing = 0;
		};
/* End PBXSourcesBuildPhase section */

/* Begin PBXTargetDependency section */
		A73FD57427C6F1C500626E59 /* PBXTargetDependency */ = {
			isa = PBXTargetDependency;
			target = A73FD56127C6F1C300626E59 /* Landmarks */;
			targetProxy = A73FD57327C6F1C500626E59 /* PBXContainerItemProxy */;
		};
		A73FD57E27C6F1C500626E59 /* PBXTargetDependency */ = {
			isa = PBXTargetDependency;
			target = A73FD56127C6F1C300626E59 /* Landmarks */;
			targetProxy = A73FD57D27C6F1C500626E59 /* PBXContainerItemProxy */;
		};
		A7C12E8627D194B10039C4FA /* PBXTargetDependency */ = {
			isa = PBXTargetDependency;
			target = A7C12E8227D194B10039C4FA /* WatchLandmarks WatchKit Extension */;
			targetProxy = A7C12E8527D194B10039C4FA /* PBXContainerItemProxy */;
		};
		A7C12E9A27D194B10039C4FA /* PBXTargetDependency */ = {
			isa = PBXTargetDependency;
			target = A7C12E7A27D194AF0039C4FA /* WatchLandmarks */;
			targetProxy = A7C12E9927D194B10039C4FA /* PBXContainerItemProxy */;
		};
/* End PBXTargetDependency section */

/* Begin XCBuildConfiguration section */
		A73FD58427C6F1C500626E59 /* Debug */ = {
			isa = XCBuildConfiguration;
			buildSettings = {
				ALWAYS_SEARCH_USER_PATHS = NO;
				CLANG_ANALYZER_NONNULL = YES;
				CLANG_ANALYZER_NUMBER_OBJECT_CONVERSION = YES_AGGRESSIVE;
				CLANG_CXX_LANGUAGE_STANDARD = "gnu++17";
				CLANG_CXX_LIBRARY = "libc++";
				CLANG_ENABLE_MODULES = YES;
				CLANG_ENABLE_OBJC_ARC = YES;
				CLANG_ENABLE_OBJC_WEAK = YES;
				CLANG_WARN_BLOCK_CAPTURE_AUTORELEASING = YES;
				CLANG_WARN_BOOL_CONVERSION = YES;
				CLANG_WARN_COMMA = YES;
				CLANG_WARN_CONSTANT_CONVERSION = YES;
				CLANG_WARN_DEPRECATED_OBJC_IMPLEMENTATIONS = YES;
				CLANG_WARN_DIRECT_OBJC_ISA_USAGE = YES_ERROR;
				CLANG_WARN_DOCUMENTATION_COMMENTS = YES;
				CLANG_WARN_EMPTY_BODY = YES;
				CLANG_WARN_ENUM_CONVERSION = YES;
				CLANG_WARN_INFINITE_RECURSION = YES;
				CLANG_WARN_INT_CONVERSION = YES;
				CLANG_WARN_NON_LITERAL_NULL_CONVERSION = YES;
				CLANG_WARN_OBJC_IMPLICIT_RETAIN_SELF = YES;
				CLANG_WARN_OBJC_LITERAL_CONVERSION = YES;
				CLANG_WARN_OBJC_ROOT_CLASS = YES_ERROR;
				CLANG_WARN_QUOTED_INCLUDE_IN_FRAMEWORK_HEADER = YES;
				CLANG_WARN_RANGE_LOOP_ANALYSIS = YES;
				CLANG_WARN_STRICT_PROTOTYPES = YES;
				CLANG_WARN_SUSPICIOUS_MOVE = YES;
				CLANG_WARN_UNGUARDED_AVAILABILITY = YES_AGGRESSIVE;
				CLANG_WARN_UNREACHABLE_CODE = YES;
				CLANG_WARN__DUPLICATE_METHOD_MATCH = YES;
				COPY_PHASE_STRIP = NO;
				DEBUG_INFORMATION_FORMAT = dwarf;
				ENABLE_STRICT_OBJC_MSGSEND = YES;
				ENABLE_TESTABILITY = YES;
				GCC_C_LANGUAGE_STANDARD = gnu11;
				GCC_DYNAMIC_NO_PIC = NO;
				GCC_NO_COMMON_BLOCKS = YES;
				GCC_OPTIMIZATION_LEVEL = 0;
				GCC_PREPROCESSOR_DEFINITIONS = (
					"DEBUG=1",
					"$(inherited)",
				);
				GCC_WARN_64_TO_32_BIT_CONVERSION = YES;
				GCC_WARN_ABOUT_RETURN_TYPE = YES_ERROR;
				GCC_WARN_UNDECLARED_SELECTOR = YES;
				GCC_WARN_UNINITIALIZED_AUTOS = YES_AGGRESSIVE;
				GCC_WARN_UNUSED_FUNCTION = YES;
				GCC_WARN_UNUSED_VARIABLE = YES;
				IPHONEOS_DEPLOYMENT_TARGET = 15.2;
				MTL_ENABLE_DEBUG_INFO = INCLUDE_SOURCE;
				MTL_FAST_MATH = YES;
				ONLY_ACTIVE_ARCH = YES;
				SDKROOT = iphoneos;
				SWIFT_ACTIVE_COMPILATION_CONDITIONS = DEBUG;
				SWIFT_OPTIMIZATION_LEVEL = "-Onone";
			};
			name = Debug;
		};
		A73FD58527C6F1C500626E59 /* Release */ = {
			isa = XCBuildConfiguration;
			buildSettings = {
				ALWAYS_SEARCH_USER_PATHS = NO;
				CLANG_ANALYZER_NONNULL = YES;
				CLANG_ANALYZER_NUMBER_OBJECT_CONVERSION = YES_AGGRESSIVE;
				CLANG_CXX_LANGUAGE_STANDARD = "gnu++17";
				CLANG_CXX_LIBRARY = "libc++";
				CLANG_ENABLE_MODULES = YES;
				CLANG_ENABLE_OBJC_ARC = YES;
				CLANG_ENABLE_OBJC_WEAK = YES;
				CLANG_WARN_BLOCK_CAPTURE_AUTORELEASING = YES;
				CLANG_WARN_BOOL_CONVERSION = YES;
				CLANG_WARN_COMMA = YES;
				CLANG_WARN_CONSTANT_CONVERSION = YES;
				CLANG_WARN_DEPRECATED_OBJC_IMPLEMENTATIONS = YES;
				CLANG_WARN_DIRECT_OBJC_ISA_USAGE = YES_ERROR;
				CLANG_WARN_DOCUMENTATION_COMMENTS = YES;
				CLANG_WARN_EMPTY_BODY = YES;
				CLANG_WARN_ENUM_CONVERSION = YES;
				CLANG_WARN_INFINITE_RECURSION = YES;
				CLANG_WARN_INT_CONVERSION = YES;
				CLANG_WARN_NON_LITERAL_NULL_CONVERSION = YES;
				CLANG_WARN_OBJC_IMPLICIT_RETAIN_SELF = YES;
				CLANG_WARN_OBJC_LITERAL_CONVERSION = YES;
				CLANG_WARN_OBJC_ROOT_CLASS = YES_ERROR;
				CLANG_WARN_QUOTED_INCLUDE_IN_FRAMEWORK_HEADER = YES;
				CLANG_WARN_RANGE_LOOP_ANALYSIS = YES;
				CLANG_WARN_STRICT_PROTOTYPES = YES;
				CLANG_WARN_SUSPICIOUS_MOVE = YES;
				CLANG_WARN_UNGUARDED_AVAILABILITY = YES_AGGRESSIVE;
				CLANG_WARN_UNREACHABLE_CODE = YES;
				CLANG_WARN__DUPLICATE_METHOD_MATCH = YES;
				COPY_PHASE_STRIP = NO;
				DEBUG_INFORMATION_FORMAT = "dwarf-with-dsym";
				ENABLE_NS_ASSERTIONS = NO;
				ENABLE_STRICT_OBJC_MSGSEND = YES;
				GCC_C_LANGUAGE_STANDARD = gnu11;
				GCC_NO_COMMON_BLOCKS = YES;
				GCC_WARN_64_TO_32_BIT_CONVERSION = YES;
				GCC_WARN_ABOUT_RETURN_TYPE = YES_ERROR;
				GCC_WARN_UNDECLARED_SELECTOR = YES;
				GCC_WARN_UNINITIALIZED_AUTOS = YES_AGGRESSIVE;
				GCC_WARN_UNUSED_FUNCTION = YES;
				GCC_WARN_UNUSED_VARIABLE = YES;
				IPHONEOS_DEPLOYMENT_TARGET = 15.2;
				MTL_ENABLE_DEBUG_INFO = NO;
				MTL_FAST_MATH = YES;
				SDKROOT = iphoneos;
				SWIFT_COMPILATION_MODE = wholemodule;
				SWIFT_OPTIMIZATION_LEVEL = "-O";
				VALIDATE_PRODUCT = YES;
			};
			name = Release;
		};
		A73FD58727C6F1C500626E59 /* Debug */ = {
			isa = XCBuildConfiguration;
			buildSettings = {
				ASSETCATALOG_COMPILER_APPICON_NAME = AppIcon;
				ASSETCATALOG_COMPILER_GLOBAL_ACCENT_COLOR_NAME = AccentColor;
				CODE_SIGN_STYLE = Automatic;
				CURRENT_PROJECT_VERSION = 1;
				DEVELOPMENT_ASSET_PATHS = "\"Landmarks/Preview Content\"";
				ENABLE_PREVIEWS = YES;
				GENERATE_INFOPLIST_FILE = YES;
				INFOPLIST_KEY_UIApplicationSceneManifest_Generation = YES;
				INFOPLIST_KEY_UIApplicationSupportsIndirectInputEvents = YES;
				INFOPLIST_KEY_UILaunchScreen_Generation = YES;
				INFOPLIST_KEY_UISupportedInterfaceOrientations_iPad = "UIInterfaceOrientationPortrait UIInterfaceOrientationPortraitUpsideDown UIInterfaceOrientationLandscapeLeft UIInterfaceOrientationLandscapeRight";
				INFOPLIST_KEY_UISupportedInterfaceOrientations_iPhone = "UIInterfaceOrientationPortrait UIInterfaceOrientationLandscapeLeft UIInterfaceOrientationLandscapeRight";
				LD_RUNPATH_SEARCH_PATHS = (
					"$(inherited)",
					"@executable_path/Frameworks",
				);
				MARKETING_VERSION = 1.0;
				PRODUCT_BUNDLE_IDENTIFIER = com.ana.Landmarks;
				PRODUCT_NAME = "$(TARGET_NAME)";
				SWIFT_EMIT_LOC_STRINGS = YES;
				SWIFT_VERSION = 5.0;
				TARGETED_DEVICE_FAMILY = "1,2";
			};
			name = Debug;
		};
		A73FD58827C6F1C500626E59 /* Release */ = {
			isa = XCBuildConfiguration;
			buildSettings = {
				ASSETCATALOG_COMPILER_APPICON_NAME = AppIcon;
				ASSETCATALOG_COMPILER_GLOBAL_ACCENT_COLOR_NAME = AccentColor;
				CODE_SIGN_STYLE = Automatic;
				CURRENT_PROJECT_VERSION = 1;
				DEVELOPMENT_ASSET_PATHS = "\"Landmarks/Preview Content\"";
				ENABLE_PREVIEWS = YES;
				GENERATE_INFOPLIST_FILE = YES;
				INFOPLIST_KEY_UIApplicationSceneManifest_Generation = YES;
				INFOPLIST_KEY_UIApplicationSupportsIndirectInputEvents = YES;
				INFOPLIST_KEY_UILaunchScreen_Generation = YES;
				INFOPLIST_KEY_UISupportedInterfaceOrientations_iPad = "UIInterfaceOrientationPortrait UIInterfaceOrientationPortraitUpsideDown UIInterfaceOrientationLandscapeLeft UIInterfaceOrientationLandscapeRight";
				INFOPLIST_KEY_UISupportedInterfaceOrientations_iPhone = "UIInterfaceOrientationPortrait UIInterfaceOrientationLandscapeLeft UIInterfaceOrientationLandscapeRight";
				LD_RUNPATH_SEARCH_PATHS = (
					"$(inherited)",
					"@executable_path/Frameworks",
				);
				MARKETING_VERSION = 1.0;
				PRODUCT_BUNDLE_IDENTIFIER = com.ana.Landmarks;
				PRODUCT_NAME = "$(TARGET_NAME)";
				SWIFT_EMIT_LOC_STRINGS = YES;
				SWIFT_VERSION = 5.0;
				TARGETED_DEVICE_FAMILY = "1,2";
			};
			name = Release;
		};
		A73FD58A27C6F1C500626E59 /* Debug */ = {
			isa = XCBuildConfiguration;
			buildSettings = {
				ALWAYS_EMBED_SWIFT_STANDARD_LIBRARIES = YES;
				BUNDLE_LOADER = "$(TEST_HOST)";
				CODE_SIGN_STYLE = Automatic;
				CURRENT_PROJECT_VERSION = 1;
				GENERATE_INFOPLIST_FILE = YES;
				IPHONEOS_DEPLOYMENT_TARGET = 15.2;
				MARKETING_VERSION = 1.0;
				PRODUCT_BUNDLE_IDENTIFIER = com.ana.LandmarksTests;
				PRODUCT_NAME = "$(TARGET_NAME)";
				SWIFT_EMIT_LOC_STRINGS = NO;
				SWIFT_VERSION = 5.0;
				TARGETED_DEVICE_FAMILY = "1,2";
				TEST_HOST = "$(BUILT_PRODUCTS_DIR)/Landmarks.app/Landmarks";
			};
			name = Debug;
		};
		A73FD58B27C6F1C500626E59 /* Release */ = {
			isa = XCBuildConfiguration;
			buildSettings = {
				ALWAYS_EMBED_SWIFT_STANDARD_LIBRARIES = YES;
				BUNDLE_LOADER = "$(TEST_HOST)";
				CODE_SIGN_STYLE = Automatic;
				CURRENT_PROJECT_VERSION = 1;
				GENERATE_INFOPLIST_FILE = YES;
				IPHONEOS_DEPLOYMENT_TARGET = 15.2;
				MARKETING_VERSION = 1.0;
				PRODUCT_BUNDLE_IDENTIFIER = com.ana.LandmarksTests;
				PRODUCT_NAME = "$(TARGET_NAME)";
				SWIFT_EMIT_LOC_STRINGS = NO;
				SWIFT_VERSION = 5.0;
				TARGETED_DEVICE_FAMILY = "1,2";
				TEST_HOST = "$(BUILT_PRODUCTS_DIR)/Landmarks.app/Landmarks";
			};
			name = Release;
		};
		A73FD58D27C6F1C500626E59 /* Debug */ = {
			isa = XCBuildConfiguration;
			buildSettings = {
				ALWAYS_EMBED_SWIFT_STANDARD_LIBRARIES = YES;
				CODE_SIGN_STYLE = Automatic;
				CURRENT_PROJECT_VERSION = 1;
				GENERATE_INFOPLIST_FILE = YES;
				MARKETING_VERSION = 1.0;
				PRODUCT_BUNDLE_IDENTIFIER = com.ana.LandmarksUITests;
				PRODUCT_NAME = "$(TARGET_NAME)";
				SWIFT_EMIT_LOC_STRINGS = NO;
				SWIFT_VERSION = 5.0;
				TARGETED_DEVICE_FAMILY = "1,2";
				TEST_TARGET_NAME = Landmarks;
			};
			name = Debug;
		};
		A73FD58E27C6F1C500626E59 /* Release */ = {
			isa = XCBuildConfiguration;
			buildSettings = {
				ALWAYS_EMBED_SWIFT_STANDARD_LIBRARIES = YES;
				CODE_SIGN_STYLE = Automatic;
				CURRENT_PROJECT_VERSION = 1;
				GENERATE_INFOPLIST_FILE = YES;
				MARKETING_VERSION = 1.0;
				PRODUCT_BUNDLE_IDENTIFIER = com.ana.LandmarksUITests;
				PRODUCT_NAME = "$(TARGET_NAME)";
				SWIFT_EMIT_LOC_STRINGS = NO;
				SWIFT_VERSION = 5.0;
				TARGETED_DEVICE_FAMILY = "1,2";
				TEST_TARGET_NAME = Landmarks;
			};
			name = Release;
		};
		A7C12E9D27D194B10039C4FA /* Debug */ = {
			isa = XCBuildConfiguration;
			buildSettings = {
				ASSETCATALOG_COMPILER_COMPLICATION_NAME = Complication;
				CODE_SIGN_STYLE = Automatic;
				CURRENT_PROJECT_VERSION = 1;
				DEVELOPMENT_ASSET_PATHS = "\"WatchLandmarks WatchKit Extension/Preview Content\"";
				ENABLE_PREVIEWS = YES;
				GENERATE_INFOPLIST_FILE = YES;
				INFOPLIST_FILE = "WatchLandmarks WatchKit Extension/Info.plist";
				INFOPLIST_KEY_CFBundleDisplayName = "WatchLandmarks WatchKit Extension";
				INFOPLIST_KEY_CLKComplicationPrincipalClass = "$(PRODUCT_MODULE_NAME).ComplicationController";
				INFOPLIST_KEY_NSHumanReadableCopyright = "";
				LD_RUNPATH_SEARCH_PATHS = (
					"$(inherited)",
					"@executable_path/Frameworks",
					"@executable_path/../../Frameworks",
				);
				MARKETING_VERSION = 1.0;
				PRODUCT_BUNDLE_IDENTIFIER = com.ana.Landmarks.watchkitapp.watchkitextension;
				PRODUCT_NAME = "${TARGET_NAME}";
				SDKROOT = watchos;
				SKIP_INSTALL = YES;
				SWIFT_EMIT_LOC_STRINGS = YES;
				SWIFT_VERSION = 5.0;
				TARGETED_DEVICE_FAMILY = 4;
				WATCHOS_DEPLOYMENT_TARGET = 8.3;
			};
			name = Debug;
		};
		A7C12E9E27D194B10039C4FA /* Release */ = {
			isa = XCBuildConfiguration;
			buildSettings = {
				ASSETCATALOG_COMPILER_COMPLICATION_NAME = Complication;
				CODE_SIGN_STYLE = Automatic;
				CURRENT_PROJECT_VERSION = 1;
				DEVELOPMENT_ASSET_PATHS = "\"WatchLandmarks WatchKit Extension/Preview Content\"";
				ENABLE_PREVIEWS = YES;
				GENERATE_INFOPLIST_FILE = YES;
				INFOPLIST_FILE = "WatchLandmarks WatchKit Extension/Info.plist";
				INFOPLIST_KEY_CFBundleDisplayName = "WatchLandmarks WatchKit Extension";
				INFOPLIST_KEY_CLKComplicationPrincipalClass = "$(PRODUCT_MODULE_NAME).ComplicationController";
				INFOPLIST_KEY_NSHumanReadableCopyright = "";
				LD_RUNPATH_SEARCH_PATHS = (
					"$(inherited)",
					"@executable_path/Frameworks",
					"@executable_path/../../Frameworks",
				);
				MARKETING_VERSION = 1.0;
				PRODUCT_BUNDLE_IDENTIFIER = com.ana.Landmarks.watchkitapp.watchkitextension;
				PRODUCT_NAME = "${TARGET_NAME}";
				SDKROOT = watchos;
				SKIP_INSTALL = YES;
				SWIFT_EMIT_LOC_STRINGS = YES;
				SWIFT_VERSION = 5.0;
				TARGETED_DEVICE_FAMILY = 4;
				WATCHOS_DEPLOYMENT_TARGET = 8.3;
			};
			name = Release;
		};
		A7C12EA127D194B10039C4FA /* Debug */ = {
			isa = XCBuildConfiguration;
			buildSettings = {
				ALWAYS_EMBED_SWIFT_STANDARD_LIBRARIES = YES;
				ASSETCATALOG_COMPILER_APPICON_NAME = AppIcon;
				ASSETCATALOG_COMPILER_GLOBAL_ACCENT_COLOR_NAME = AccentColor;
				ASSETCATALOG_COMPILER_INCLUDE_ALL_APPICON_ASSETS = YES;
				CODE_SIGN_STYLE = Automatic;
				CURRENT_PROJECT_VERSION = 1;
				GENERATE_INFOPLIST_FILE = YES;
				IBSC_MODULE = WatchLandmarks_WatchKit_Extension;
				INFOPLIST_KEY_CFBundleDisplayName = WatchLandmarks;
				INFOPLIST_KEY_UISupportedInterfaceOrientations = "UIInterfaceOrientationPortrait UIInterfaceOrientationPortraitUpsideDown";
				INFOPLIST_KEY_WKCompanionAppBundleIdentifier = com.ana.Landmarks;
				MARKETING_VERSION = 1.0;
				PRODUCT_BUNDLE_IDENTIFIER = com.ana.Landmarks.watchkitapp;
				PRODUCT_NAME = "$(TARGET_NAME)";
				SDKROOT = watchos;
				SKIP_INSTALL = YES;
				SWIFT_EMIT_LOC_STRINGS = YES;
				SWIFT_VERSION = 5.0;
				TARGETED_DEVICE_FAMILY = 4;
				WATCHOS_DEPLOYMENT_TARGET = 7.0;
			};
			name = Debug;
		};
		A7C12EA227D194B10039C4FA /* Release */ = {
			isa = XCBuildConfiguration;
			buildSettings = {
				ALWAYS_EMBED_SWIFT_STANDARD_LIBRARIES = YES;
				ASSETCATALOG_COMPILER_APPICON_NAME = AppIcon;
				ASSETCATALOG_COMPILER_GLOBAL_ACCENT_COLOR_NAME = AccentColor;
				ASSETCATALOG_COMPILER_INCLUDE_ALL_APPICON_ASSETS = YES;
				CODE_SIGN_STYLE = Automatic;
				CURRENT_PROJECT_VERSION = 1;
				GENERATE_INFOPLIST_FILE = YES;
				IBSC_MODULE = WatchLandmarks_WatchKit_Extension;
				INFOPLIST_KEY_CFBundleDisplayName = WatchLandmarks;
				INFOPLIST_KEY_UISupportedInterfaceOrientations = "UIInterfaceOrientationPortrait UIInterfaceOrientationPortraitUpsideDown";
				INFOPLIST_KEY_WKCompanionAppBundleIdentifier = com.ana.Landmarks;
				MARKETING_VERSION = 1.0;
				PRODUCT_BUNDLE_IDENTIFIER = com.ana.Landmarks.watchkitapp;
				PRODUCT_NAME = "$(TARGET_NAME)";
				SDKROOT = watchos;
				SKIP_INSTALL = YES;
				SWIFT_EMIT_LOC_STRINGS = YES;
				SWIFT_VERSION = 5.0;
				TARGETED_DEVICE_FAMILY = 4;
				WATCHOS_DEPLOYMENT_TARGET = 7.0;
			};
			name = Release;
		};
		A7C12EC427D56D650039C4FA /* Debug */ = {
			isa = XCBuildConfiguration;
			buildSettings = {
				ASSETCATALOG_COMPILER_APPICON_NAME = AppIcon;
				ASSETCATALOG_COMPILER_GLOBAL_ACCENT_COLOR_NAME = AccentColor;
				CODE_SIGN_ENTITLEMENTS = MacLandmarks/MacLandmarks.entitlements;
				CODE_SIGN_STYLE = Automatic;
				COMBINE_HIDPI_IMAGES = YES;
				CURRENT_PROJECT_VERSION = 1;
				DEVELOPMENT_ASSET_PATHS = "\"MacLandmarks/Preview Content\"";
				ENABLE_PREVIEWS = YES;
				GENERATE_INFOPLIST_FILE = YES;
				INFOPLIST_KEY_NSHumanReadableCopyright = "";
				LD_RUNPATH_SEARCH_PATHS = (
					"$(inherited)",
					"@executable_path/../Frameworks",
				);
				MACOSX_DEPLOYMENT_TARGET = 12.1;
				MARKETING_VERSION = 1.0;
				PRODUCT_BUNDLE_IDENTIFIER = com.ana.MacLandmarks;
				PRODUCT_NAME = "$(TARGET_NAME)";
				SDKROOT = macosx;
				SWIFT_EMIT_LOC_STRINGS = YES;
				SWIFT_VERSION = 5.0;
			};
			name = Debug;
		};
		A7C12EC527D56D650039C4FA /* Release */ = {
			isa = XCBuildConfiguration;
			buildSettings = {
				ASSETCATALOG_COMPILER_APPICON_NAME = AppIcon;
				ASSETCATALOG_COMPILER_GLOBAL_ACCENT_COLOR_NAME = AccentColor;
				CODE_SIGN_ENTITLEMENTS = MacLandmarks/MacLandmarks.entitlements;
				CODE_SIGN_STYLE = Automatic;
				COMBINE_HIDPI_IMAGES = YES;
				CURRENT_PROJECT_VERSION = 1;
				DEVELOPMENT_ASSET_PATHS = "\"MacLandmarks/Preview Content\"";
				ENABLE_PREVIEWS = YES;
				GENERATE_INFOPLIST_FILE = YES;
				INFOPLIST_KEY_NSHumanReadableCopyright = "";
				LD_RUNPATH_SEARCH_PATHS = (
					"$(inherited)",
					"@executable_path/../Frameworks",
				);
				MACOSX_DEPLOYMENT_TARGET = 12.1;
				MARKETING_VERSION = 1.0;
				PRODUCT_BUNDLE_IDENTIFIER = com.ana.MacLandmarks;
				PRODUCT_NAME = "$(TARGET_NAME)";
				SDKROOT = macosx;
				SWIFT_EMIT_LOC_STRINGS = YES;
				SWIFT_VERSION = 5.0;
			};
			name = Release;
		};
/* End XCBuildConfiguration section */

/* Begin XCConfigurationList section */
		A73FD55D27C6F1C300626E59 /* Build configuration list for PBXProject "Landmarks" */ = {
			isa = XCConfigurationList;
			buildConfigurations = (
				A73FD58427C6F1C500626E59 /* Debug */,
				A73FD58527C6F1C500626E59 /* Release */,
			);
			defaultConfigurationIsVisible = 0;
			defaultConfigurationName = Release;
		};
		A73FD58627C6F1C500626E59 /* Build configuration list for PBXNativeTarget "Landmarks" */ = {
			isa = XCConfigurationList;
			buildConfigurations = (
				A73FD58727C6F1C500626E59 /* Debug */,
				A73FD58827C6F1C500626E59 /* Release */,
			);
			defaultConfigurationIsVisible = 0;
			defaultConfigurationName = Release;
		};
		A73FD58927C6F1C500626E59 /* Build configuration list for PBXNativeTarget "LandmarksTests" */ = {
			isa = XCConfigurationList;
			buildConfigurations = (
				A73FD58A27C6F1C500626E59 /* Debug */,
				A73FD58B27C6F1C500626E59 /* Release */,
			);
			defaultConfigurationIsVisible = 0;
			defaultConfigurationName = Release;
		};
		A73FD58C27C6F1C500626E59 /* Build configuration list for PBXNativeTarget "LandmarksUITests" */ = {
			isa = XCConfigurationList;
			buildConfigurations = (
				A73FD58D27C6F1C500626E59 /* Debug */,
				A73FD58E27C6F1C500626E59 /* Release */,
			);
			defaultConfigurationIsVisible = 0;
			defaultConfigurationName = Release;
		};
		A7C12E9C27D194B10039C4FA /* Build configuration list for PBXNativeTarget "WatchLandmarks WatchKit Extension" */ = {
			isa = XCConfigurationList;
			buildConfigurations = (
				A7C12E9D27D194B10039C4FA /* Debug */,
				A7C12E9E27D194B10039C4FA /* Release */,
			);
			defaultConfigurationIsVisible = 0;
			defaultConfigurationName = Release;
		};
		A7C12EA027D194B10039C4FA /* Build configuration list for PBXNativeTarget "WatchLandmarks" */ = {
			isa = XCConfigurationList;
			buildConfigurations = (
				A7C12EA127D194B10039C4FA /* Debug */,
				A7C12EA227D194B10039C4FA /* Release */,
			);
			defaultConfigurationIsVisible = 0;
			defaultConfigurationName = Release;
		};
		A7C12EC327D56D650039C4FA /* Build configuration list for PBXNativeTarget "MacLandmarks" */ = {
			isa = XCConfigurationList;
			buildConfigurations = (
				A7C12EC427D56D650039C4FA /* Debug */,
				A7C12EC527D56D650039C4FA /* Release */,
			);
			defaultConfigurationIsVisible = 0;
			defaultConfigurationName = Release;
		};
/* End XCConfigurationList section */
	};
	rootObject = A73FD55A27C6F1C300626E59 /* Project object */;
}
